{
  "version": 4,
  "terraform_version": "0.12.6",
  "serial": 62,
  "lineage": "0a302fb1-2344-3062-f188-642502ab460d",
  "outputs": {},
  "resources": [
    {
      "module": "module.eks",
      "mode": "data",
      "type": "aws_ami",
      "name": "eks_worker",
      "provider": "provider.aws",
      "instances": [
        {
          "schema_version": 0,
          "attributes": {
            "architecture": "x86_64",
            "block_device_mappings": [
              {
                "device_name": "/dev/xvda",
                "ebs": {
                  "delete_on_termination": "true",
                  "encrypted": "false",
                  "iops": "0",
                  "snapshot_id": "snap-04573bd7eceb9302d",
                  "volume_size": "20",
                  "volume_type": "gp2"
                },
                "no_device": "",
                "virtual_name": ""
              }
            ],
            "creation_date": "2019-07-02T01:03:14.000Z",
            "description": "EKS Kubernetes Worker AMI with AmazonLinux2 image (k8s: 1.13.7, docker:18.06)",
            "executable_users": null,
            "filter": [
              {
                "name": "name",
                "values": [
                  "amazon-eks-node-1.13-v*"
                ]
              }
            ],
            "hypervisor": "xen",
            "id": "ami-00ac2e6b3cb38a9b9",
            "image_id": "ami-00ac2e6b3cb38a9b9",
            "image_location": "amazon/amazon-eks-node-1.13-v20190701",
            "image_owner_alias": "amazon",
            "image_type": "machine",
            "kernel_id": null,
            "most_recent": true,
            "name": "amazon-eks-node-1.13-v20190701",
            "name_regex": null,
            "owner_id": "602401143452",
            "owners": [
              "602401143452"
            ],
            "platform": null,
            "product_codes": [],
            "public": true,
            "ramdisk_id": null,
            "root_device_name": "/dev/xvda",
            "root_device_type": "ebs",
            "root_snapshot_id": "snap-04573bd7eceb9302d",
            "sriov_net_support": "simple",
            "state": "available",
            "state_reason": {
              "code": "UNSET",
              "message": "UNSET"
            },
            "tags": {},
            "virtualization_type": "hvm"
          }
        }
      ]
    },
    {
      "mode": "data",
      "type": "aws_availability_zones",
      "name": "available",
      "provider": "provider.aws",
      "instances": [
        {
          "schema_version": 0,
          "attributes": {
            "blacklisted_names": null,
            "blacklisted_zone_ids": null,
            "id": "2019-08-07 18:54:20.700109 +0000 UTC",
            "names": [
              "eu-west-1a",
              "eu-west-1b",
              "eu-west-1c"
            ],
            "state": null,
            "zone_ids": [
              "euw1-az1",
              "euw1-az2",
              "euw1-az3"
            ]
          }
        }
      ]
    },
    {
      "module": "module.eks",
      "mode": "data",
      "type": "aws_caller_identity",
      "name": "current",
      "provider": "provider.aws",
      "instances": [
        {
          "schema_version": 0,
          "attributes": {
            "account_id": "068425271656",
            "arn": "arn:aws:iam::068425271656:user/hrvoje",
            "id": "2019-08-07 18:54:21.135306 +0000 UTC",
            "user_id": "AIDAQ73TWZFUIXNOIMQTV"
          }
        }
      ]
    },
    {
      "module": "module.eks",
      "mode": "data",
      "type": "aws_iam_instance_profile",
      "name": "custom_worker_group_iam_instance_profile",
      "each": "list",
      "provider": "provider.aws",
      "instances": []
    },
    {
      "module": "module.eks",
      "mode": "data",
      "type": "aws_iam_instance_profile",
      "name": "custom_worker_group_launch_template_iam_instance_profile",
      "each": "list",
      "provider": "provider.aws",
      "instances": []
    },
    {
      "module": "module.eks",
      "mode": "data",
      "type": "aws_iam_instance_profile",
      "name": "custom_worker_group_launch_template_mixed_iam_instance_profile",
      "each": "list",
      "provider": "provider.aws",
      "instances": []
    },
    {
      "module": "module.eks",
      "mode": "data",
      "type": "aws_iam_policy_document",
      "name": "cluster_assume_role_policy",
      "provider": "provider.aws",
      "instances": [
        {
          "schema_version": 0,
          "attributes": {
            "id": "2764486067",
            "json": "{\n  \"Version\": \"2012-10-17\",\n  \"Statement\": [\n    {\n      \"Sid\": \"EKSClusterAssumeRole\",\n      \"Effect\": \"Allow\",\n      \"Action\": \"sts:AssumeRole\",\n      \"Principal\": {\n        \"Service\": \"eks.amazonaws.com\"\n      }\n    }\n  ]\n}",
            "override_json": null,
            "policy_id": null,
            "source_json": null,
            "statement": [
              {
                "actions": [
                  "sts:AssumeRole"
                ],
                "condition": [],
                "effect": "Allow",
                "not_actions": [],
                "not_principals": [],
                "not_resources": [],
                "principals": [
                  {
                    "identifiers": [
                      "eks.amazonaws.com"
                    ],
                    "type": "Service"
                  }
                ],
                "resources": [],
                "sid": "EKSClusterAssumeRole"
              }
            ],
            "version": "2012-10-17"
          }
        }
      ]
    },
    {
      "module": "module.eks",
      "mode": "data",
      "type": "aws_iam_policy_document",
      "name": "worker_autoscaling",
      "provider": "provider.aws",
      "instances": [
        {
          "schema_version": 0,
          "attributes": {
            "id": "494172473",
            "json": "{\n  \"Version\": \"2012-10-17\",\n  \"Statement\": [\n    {\n      \"Sid\": \"eksWorkerAutoscalingAll\",\n      \"Effect\": \"Allow\",\n      \"Action\": [\n        \"ec2:DescribeLaunchTemplateVersions\",\n        \"autoscaling:DescribeTags\",\n        \"autoscaling:DescribeLaunchConfigurations\",\n        \"autoscaling:DescribeAutoScalingInstances\",\n        \"autoscaling:DescribeAutoScalingGroups\"\n      ],\n      \"Resource\": \"*\"\n    },\n    {\n      \"Sid\": \"eksWorkerAutoscalingOwn\",\n      \"Effect\": \"Allow\",\n      \"Action\": [\n        \"autoscaling:UpdateAutoScalingGroup\",\n        \"autoscaling:TerminateInstanceInAutoScalingGroup\",\n        \"autoscaling:SetDesiredCapacity\"\n      ],\n      \"Resource\": \"*\",\n      \"Condition\": {\n        \"StringEquals\": {\n          \"autoscaling:ResourceTag/k8s.io/cluster-autoscaler/enabled\": \"true\",\n          \"autoscaling:ResourceTag/kubernetes.io/cluster/test-eks-RUacjNXm\": \"owned\"\n        }\n      }\n    }\n  ]\n}",
            "override_json": null,
            "policy_id": null,
            "source_json": null,
            "statement": [
              {
                "actions": [
                  "autoscaling:DescribeAutoScalingGroups",
                  "autoscaling:DescribeAutoScalingInstances",
                  "autoscaling:DescribeLaunchConfigurations",
                  "autoscaling:DescribeTags",
                  "ec2:DescribeLaunchTemplateVersions"
                ],
                "condition": [],
                "effect": "Allow",
                "not_actions": [],
                "not_principals": [],
                "not_resources": [],
                "principals": [],
                "resources": [
                  "*"
                ],
                "sid": "eksWorkerAutoscalingAll"
              },
              {
                "actions": [
                  "autoscaling:SetDesiredCapacity",
                  "autoscaling:TerminateInstanceInAutoScalingGroup",
                  "autoscaling:UpdateAutoScalingGroup"
                ],
                "condition": [
                  {
                    "test": "StringEquals",
                    "values": [
                      "owned"
                    ],
                    "variable": "autoscaling:ResourceTag/kubernetes.io/cluster/test-eks-RUacjNXm"
                  },
                  {
                    "test": "StringEquals",
                    "values": [
                      "true"
                    ],
                    "variable": "autoscaling:ResourceTag/k8s.io/cluster-autoscaler/enabled"
                  }
                ],
                "effect": "Allow",
                "not_actions": [],
                "not_principals": [],
                "not_resources": [],
                "principals": [],
                "resources": [
                  "*"
                ],
                "sid": "eksWorkerAutoscalingOwn"
              }
            ],
            "version": "2012-10-17"
          },
          "depends_on": [
            "aws_eks_cluster.this"
          ]
        }
      ]
    },
    {
      "module": "module.eks",
      "mode": "data",
      "type": "aws_iam_policy_document",
      "name": "workers_assume_role_policy",
      "provider": "provider.aws",
      "instances": [
        {
          "schema_version": 0,
          "attributes": {
            "id": "3778018924",
            "json": "{\n  \"Version\": \"2012-10-17\",\n  \"Statement\": [\n    {\n      \"Sid\": \"EKSWorkerAssumeRole\",\n      \"Effect\": \"Allow\",\n      \"Action\": \"sts:AssumeRole\",\n      \"Principal\": {\n        \"Service\": \"ec2.amazonaws.com\"\n      }\n    }\n  ]\n}",
            "override_json": null,
            "policy_id": null,
            "source_json": null,
            "statement": [
              {
                "actions": [
                  "sts:AssumeRole"
                ],
                "condition": [],
                "effect": "Allow",
                "not_actions": [],
                "not_principals": [],
                "not_resources": [],
                "principals": [
                  {
                    "identifiers": [
                      "ec2.amazonaws.com"
                    ],
                    "type": "Service"
                  }
                ],
                "resources": [],
                "sid": "EKSWorkerAssumeRole"
              }
            ],
            "version": "2012-10-17"
          }
        }
      ]
    },
    {
      "module": "module.eks",
      "mode": "data",
      "type": "aws_iam_role",
      "name": "custom_cluster_iam_role",
      "each": "list",
      "provider": "provider.aws",
      "instances": []
    },
    {
      "module": "module.eks",
      "mode": "data",
      "type": "aws_region",
      "name": "current",
      "provider": "provider.aws",
      "instances": [
        {
          "schema_version": 0,
          "attributes": {
            "current": null,
            "description": "EU (Ireland)",
            "endpoint": "ec2.eu-west-1.amazonaws.com",
            "id": "eu-west-1",
            "name": "eu-west-1"
          }
        }
      ]
    },
    {
      "module": "module.vpc",
      "mode": "data",
      "type": "aws_vpc_endpoint_service",
      "name": "apigw",
      "each": "list",
      "provider": "provider.aws",
      "instances": []
    },
    {
      "module": "module.vpc",
      "mode": "data",
      "type": "aws_vpc_endpoint_service",
      "name": "cloudtrail",
      "each": "list",
      "provider": "provider.aws",
      "instances": []
    },
    {
      "module": "module.vpc",
      "mode": "data",
      "type": "aws_vpc_endpoint_service",
      "name": "dynamodb",
      "each": "list",
      "provider": "provider.aws",
      "instances": []
    },
    {
      "module": "module.vpc",
      "mode": "data",
      "type": "aws_vpc_endpoint_service",
      "name": "ec2",
      "each": "list",
      "provider": "provider.aws",
      "instances": []
    },
    {
      "module": "module.vpc",
      "mode": "data",
      "type": "aws_vpc_endpoint_service",
      "name": "ec2messages",
      "each": "list",
      "provider": "provider.aws",
      "instances": []
    },
    {
      "module": "module.vpc",
      "mode": "data",
      "type": "aws_vpc_endpoint_service",
      "name": "ecr_api",
      "each": "list",
      "provider": "provider.aws",
      "instances": []
    },
    {
      "module": "module.vpc",
      "mode": "data",
      "type": "aws_vpc_endpoint_service",
      "name": "ecr_dkr",
      "each": "list",
      "provider": "provider.aws",
      "instances": []
    },
    {
      "module": "module.vpc",
      "mode": "data",
      "type": "aws_vpc_endpoint_service",
      "name": "ecs",
      "each": "list",
      "provider": "provider.aws",
      "instances": []
    },
    {
      "module": "module.vpc",
      "mode": "data",
      "type": "aws_vpc_endpoint_service",
      "name": "ecs_agent",
      "each": "list",
      "provider": "provider.aws",
      "instances": []
    },
    {
      "module": "module.vpc",
      "mode": "data",
      "type": "aws_vpc_endpoint_service",
      "name": "ecs_telemetry",
      "each": "list",
      "provider": "provider.aws",
      "instances": []
    },
    {
      "module": "module.vpc",
      "mode": "data",
      "type": "aws_vpc_endpoint_service",
      "name": "elasticloadbalancing",
      "each": "list",
      "provider": "provider.aws",
      "instances": []
    },
    {
      "module": "module.vpc",
      "mode": "data",
      "type": "aws_vpc_endpoint_service",
      "name": "events",
      "each": "list",
      "provider": "provider.aws",
      "instances": []
    },
    {
      "module": "module.vpc",
      "mode": "data",
      "type": "aws_vpc_endpoint_service",
      "name": "kms",
      "each": "list",
      "provider": "provider.aws",
      "instances": []
    },
    {
      "module": "module.vpc",
      "mode": "data",
      "type": "aws_vpc_endpoint_service",
      "name": "logs",
      "each": "list",
      "provider": "provider.aws",
      "instances": []
    },
    {
      "module": "module.vpc",
      "mode": "data",
      "type": "aws_vpc_endpoint_service",
      "name": "monitoring",
      "each": "list",
      "provider": "provider.aws",
      "instances": []
    },
    {
      "module": "module.vpc",
      "mode": "data",
      "type": "aws_vpc_endpoint_service",
      "name": "s3",
      "each": "list",
      "provider": "provider.aws",
      "instances": []
    },
    {
      "module": "module.vpc",
      "mode": "data",
      "type": "aws_vpc_endpoint_service",
      "name": "sns",
      "each": "list",
      "provider": "provider.aws",
      "instances": []
    },
    {
      "module": "module.vpc",
      "mode": "data",
      "type": "aws_vpc_endpoint_service",
      "name": "sqs",
      "each": "list",
      "provider": "provider.aws",
      "instances": []
    },
    {
      "module": "module.vpc",
      "mode": "data",
      "type": "aws_vpc_endpoint_service",
      "name": "ssm",
      "each": "list",
      "provider": "provider.aws",
      "instances": []
    },
    {
      "module": "module.vpc",
      "mode": "data",
      "type": "aws_vpc_endpoint_service",
      "name": "ssmmessages",
      "each": "list",
      "provider": "provider.aws",
      "instances": []
    },
    {
      "module": "module.eks",
      "mode": "data",
      "type": "template_file",
      "name": "aws_authenticator_env_variables",
      "each": "list",
      "provider": "provider.template",
      "instances": []
    },
    {
      "module": "module.eks",
      "mode": "data",
      "type": "template_file",
      "name": "config_map_aws_auth",
      "provider": "provider.template",
      "instances": [
        {
          "schema_version": 0,
          "attributes": {
            "filename": null,
            "id": "601650508f355e78bf483a6f79372196b30aae2981799bd4280231e594b99823",
            "rendered": "apiVersion: v1\nkind: ConfigMap\nmetadata:\n  name: aws-auth\n  namespace: kube-system\ndata:\n  mapRoles: |\n    - rolearn: arn:aws:iam::068425271656:role/test-eks-RUacjNXm20190807190415654300000008\n      username: system:node:{{EC2PrivateDNSName}}\n      groups:\n        - system:bootstrappers\n        - system:nodes\n\n\n  mapUsers: |\n\n  mapAccounts: |\n\n",
            "template": "apiVersion: v1\nkind: ConfigMap\nmetadata:\n  name: aws-auth\n  namespace: kube-system\ndata:\n  mapRoles: |\n${worker_role_arn}\n${map_roles}\n  mapUsers: |\n${map_users}\n  mapAccounts: |\n${map_accounts}\n",
            "vars": {
              "map_accounts": "",
              "map_roles": "",
              "map_users": "",
              "worker_role_arn": "    - rolearn: arn:aws:iam::068425271656:role/test-eks-RUacjNXm20190807190415654300000008\n      username: system:node:{{EC2PrivateDNSName}}\n      groups:\n        - system:bootstrappers\n        - system:nodes\n"
            }
          },
          "depends_on": [
            "data.template_file.launch_template_mixed_worker_role_arns",
            "data.template_file.launch_template_worker_role_arns",
            "data.template_file.map_accounts",
            "data.template_file.map_roles",
            "data.template_file.map_users",
            "data.template_file.worker_role_arns"
          ]
        }
      ]
    },
    {
      "module": "module.eks",
      "mode": "data",
      "type": "template_file",
      "name": "kubeconfig",
      "provider": "provider.template",
      "instances": [
        {
          "schema_version": 0,
          "attributes": {
            "filename": null,
            "id": "010e31a6b9eaf62689c6072f60c224bf761a3788be393ffb29f30dba0c85bc47",
            "rendered": "apiVersion: v1\npreferences: {}\nkind: Config\n\nclusters:\n- cluster:\n    server: https://E9DDF0D03D4AA168897FC959A6EF2391.sk1.eu-west-1.eks.amazonaws.com\n    certificate-authority-data: LS0tLS1CRUdJTiBDRVJUSUZJQ0FURS0tLS0tCk1JSUN5RENDQWJDZ0F3SUJBZ0lCQURBTkJna3Foa2lHOXcwQkFRc0ZBREFWTVJNd0VRWURWUVFERXdwcmRXSmwKY201bGRHVnpNQjRYRFRFNU1EZ3dOekU1TURJd05sb1hEVEk1TURnd05ERTVNREl3Tmxvd0ZURVRNQkVHQTFVRQpBeE1LYTNWaVpYSnVaWFJsY3pDQ0FTSXdEUVlKS29aSWh2Y05BUUVCQlFBRGdnRVBBRENDQVFvQ2dnRUJBS2pICm5CM2JKNzN6dDJkTEhCYTQwV0RjRkVtVHNWRml0ZGUxTTUzNXEvS3grcFZpSXRqQUROMXhMN25Bb254QXRyNE4KWW9jOTJOTWdlSXFvSTI4UFQwdXBIQktsVmF3Y0dDWlpqL1EvS0U0TFVOeThrUU5aelJkY3ZMWlhJTXE3dEFraApUaEx6Z2dFZ0E0cE5tUEFGR1oxeHMxa0pnRGRXWmNCdjFIT0N5dUtYYnJBaEhLZmVjOUdQK3ovTFRGQ2FlbklhCnY5bTd1NHh4YWt6K1pvZkRyWGhvUFl5VDZlcU1QRDFSMGkwTHpzeHQwVnNUUno5RUJrM2ZRc2dPdjRVZGZVNXYKcE5wSHI2Y1NaaEhkcWs0TTNDelNqeUdxaE9sSU1hZzlXR010b1RxaG1DYTVweWtISldIYk5TNHlZTEFxckR0dQp2RlZtV3JrYzlweVEzWVlOMWEwQ0F3RUFBYU1qTUNFd0RnWURWUjBQQVFIL0JBUURBZ0trTUE4R0ExVWRFd0VCCi93UUZNQU1CQWY4d0RRWUpLb1pJaHZjTkFRRUxCUUFEZ2dFQkFEeFFiblJtTzNsQ3RnRElwRjg4QnNaWkFPWE0KdTJ1QVVXdUhpQUkwbkJYZTlzV3VWTmh2NTJKUUxENGJabkROeUM3bW5sL01jQWFzUUozR1gyNnhEOWlnSlZHSgpUM0pqY25YOTllak9pZFFlbGs0ZTB1Q3dOY0IxMGVLRmRnVXdBMm9iSzZWdjB2eUJ0dVFoRDVuMStYVVJjNXdZCjBIU0R4K1EvNzRLZFJjNHdtQXNyT2VsM2xJSHdWSE1qMFRGeHJlKzFtS3VoZFlUSnJQcnNQVVRLWi83QmhRMjUKR21YWUR4b2QrYjVLU2V4TGJPQ093M28vYjhUY3lnbGd3VVptdDk4QTNCRjN1RGU1Ri8rYnJUeS8ybmthZXplegp0VzAvb1lNZVdNclQ3MHUxN09vM2JsMFNSbnlPNWJKUFQrM09FYlZwMnBlbTgyN1Bqa1J0TXVPWXRCUT0KLS0tLS1FTkQgQ0VSVElGSUNBVEUtLS0tLQo=\n  name: eks_test-eks-RUacjNXm\n\ncontexts:\n- context:\n    cluster: eks_test-eks-RUacjNXm\n    user: eks_test-eks-RUacjNXm\n  name: eks_test-eks-RUacjNXm\n\ncurrent-context: eks_test-eks-RUacjNXm\n\nusers:\n- name: eks_test-eks-RUacjNXm\n  user:\n    exec:\n      apiVersion: client.authentication.k8s.io/v1alpha1\n      command: aws-iam-authenticator\n      args:\n        - \"token\"\n        - \"-i\"\n        - \"test-eks-RUacjNXm\"\n\n\n",
            "template": "apiVersion: v1\npreferences: {}\nkind: Config\n\nclusters:\n- cluster:\n    server: ${endpoint}\n    certificate-authority-data: ${cluster_auth_base64}\n  name: ${kubeconfig_name}\n\ncontexts:\n- context:\n    cluster: ${kubeconfig_name}\n    user: ${kubeconfig_name}\n  name: ${kubeconfig_name}\n\ncurrent-context: ${kubeconfig_name}\n\nusers:\n- name: ${kubeconfig_name}\n  user:\n    exec:\n      apiVersion: client.authentication.k8s.io/v1alpha1\n      command: ${aws_authenticator_command}\n      args:\n${aws_authenticator_command_args}\n${aws_authenticator_additional_args}\n${aws_authenticator_env_variables}\n",
            "vars": {
              "aws_authenticator_additional_args": "",
              "aws_authenticator_command": "aws-iam-authenticator",
              "aws_authenticator_command_args": "        - \"token\"\n        - \"-i\"\n        - \"test-eks-RUacjNXm\"",
              "aws_authenticator_env_variables": "",
              "cluster_auth_base64": "LS0tLS1CRUdJTiBDRVJUSUZJQ0FURS0tLS0tCk1JSUN5RENDQWJDZ0F3SUJBZ0lCQURBTkJna3Foa2lHOXcwQkFRc0ZBREFWTVJNd0VRWURWUVFERXdwcmRXSmwKY201bGRHVnpNQjRYRFRFNU1EZ3dOekU1TURJd05sb1hEVEk1TURnd05ERTVNREl3Tmxvd0ZURVRNQkVHQTFVRQpBeE1LYTNWaVpYSnVaWFJsY3pDQ0FTSXdEUVlKS29aSWh2Y05BUUVCQlFBRGdnRVBBRENDQVFvQ2dnRUJBS2pICm5CM2JKNzN6dDJkTEhCYTQwV0RjRkVtVHNWRml0ZGUxTTUzNXEvS3grcFZpSXRqQUROMXhMN25Bb254QXRyNE4KWW9jOTJOTWdlSXFvSTI4UFQwdXBIQktsVmF3Y0dDWlpqL1EvS0U0TFVOeThrUU5aelJkY3ZMWlhJTXE3dEFraApUaEx6Z2dFZ0E0cE5tUEFGR1oxeHMxa0pnRGRXWmNCdjFIT0N5dUtYYnJBaEhLZmVjOUdQK3ovTFRGQ2FlbklhCnY5bTd1NHh4YWt6K1pvZkRyWGhvUFl5VDZlcU1QRDFSMGkwTHpzeHQwVnNUUno5RUJrM2ZRc2dPdjRVZGZVNXYKcE5wSHI2Y1NaaEhkcWs0TTNDelNqeUdxaE9sSU1hZzlXR010b1RxaG1DYTVweWtISldIYk5TNHlZTEFxckR0dQp2RlZtV3JrYzlweVEzWVlOMWEwQ0F3RUFBYU1qTUNFd0RnWURWUjBQQVFIL0JBUURBZ0trTUE4R0ExVWRFd0VCCi93UUZNQU1CQWY4d0RRWUpLb1pJaHZjTkFRRUxCUUFEZ2dFQkFEeFFiblJtTzNsQ3RnRElwRjg4QnNaWkFPWE0KdTJ1QVVXdUhpQUkwbkJYZTlzV3VWTmh2NTJKUUxENGJabkROeUM3bW5sL01jQWFzUUozR1gyNnhEOWlnSlZHSgpUM0pqY25YOTllak9pZFFlbGs0ZTB1Q3dOY0IxMGVLRmRnVXdBMm9iSzZWdjB2eUJ0dVFoRDVuMStYVVJjNXdZCjBIU0R4K1EvNzRLZFJjNHdtQXNyT2VsM2xJSHdWSE1qMFRGeHJlKzFtS3VoZFlUSnJQcnNQVVRLWi83QmhRMjUKR21YWUR4b2QrYjVLU2V4TGJPQ093M28vYjhUY3lnbGd3VVptdDk4QTNCRjN1RGU1Ri8rYnJUeS8ybmthZXplegp0VzAvb1lNZVdNclQ3MHUxN09vM2JsMFNSbnlPNWJKUFQrM09FYlZwMnBlbTgyN1Bqa1J0TXVPWXRCUT0KLS0tLS1FTkQgQ0VSVElGSUNBVEUtLS0tLQo=",
              "endpoint": "https://E9DDF0D03D4AA168897FC959A6EF2391.sk1.eu-west-1.eks.amazonaws.com",
              "kubeconfig_name": "eks_test-eks-RUacjNXm",
              "region": "eu-west-1"
            }
          },
          "depends_on": [
            "aws_eks_cluster.this",
            "data.aws_region.current",
            "data.template_file.aws_authenticator_env_variables"
          ]
        }
      ]
    },
    {
      "module": "module.eks",
      "mode": "data",
      "type": "template_file",
      "name": "launch_template_mixed_worker_role_arns",
      "each": "list",
      "provider": "provider.template",
      "instances": []
    },
    {
      "module": "module.eks",
      "mode": "data",
      "type": "template_file",
      "name": "launch_template_userdata",
      "each": "list",
      "provider": "provider.template",
      "instances": []
    },
    {
      "module": "module.eks",
      "mode": "data",
      "type": "template_file",
      "name": "launch_template_worker_role_arns",
      "each": "list",
      "provider": "provider.template",
      "instances": []
    },
    {
      "module": "module.eks",
      "mode": "data",
      "type": "template_file",
      "name": "map_accounts",
      "each": "list",
      "provider": "provider.template",
      "instances": []
    },
    {
      "module": "module.eks",
      "mode": "data",
      "type": "template_file",
      "name": "map_roles",
      "each": "list",
      "provider": "provider.template",
      "instances": []
    },
    {
      "module": "module.eks",
      "mode": "data",
      "type": "template_file",
      "name": "map_users",
      "each": "list",
      "provider": "provider.template",
      "instances": []
    },
    {
      "module": "module.eks",
      "mode": "data",
      "type": "template_file",
      "name": "userdata",
      "each": "list",
      "provider": "provider.template",
      "instances": [
        {
          "index_key": 0,
          "schema_version": 0,
          "attributes": {
            "filename": null,
            "id": "12e12dfa8a8169945b3527d39e5e1dab6a1c50069ffbebeafe194e5880d0afc4",
            "rendered": "#!/bin/bash -xe\n\n# Allow user supplied pre userdata code\n\n\n# Bootstrap and join the cluster\n/etc/eks/bootstrap.sh --b64-cluster-ca 'LS0tLS1CRUdJTiBDRVJUSUZJQ0FURS0tLS0tCk1JSUN5RENDQWJDZ0F3SUJBZ0lCQURBTkJna3Foa2lHOXcwQkFRc0ZBREFWTVJNd0VRWURWUVFERXdwcmRXSmwKY201bGRHVnpNQjRYRFRFNU1EZ3dOekU1TURJd05sb1hEVEk1TURnd05ERTVNREl3Tmxvd0ZURVRNQkVHQTFVRQpBeE1LYTNWaVpYSnVaWFJsY3pDQ0FTSXdEUVlKS29aSWh2Y05BUUVCQlFBRGdnRVBBRENDQVFvQ2dnRUJBS2pICm5CM2JKNzN6dDJkTEhCYTQwV0RjRkVtVHNWRml0ZGUxTTUzNXEvS3grcFZpSXRqQUROMXhMN25Bb254QXRyNE4KWW9jOTJOTWdlSXFvSTI4UFQwdXBIQktsVmF3Y0dDWlpqL1EvS0U0TFVOeThrUU5aelJkY3ZMWlhJTXE3dEFraApUaEx6Z2dFZ0E0cE5tUEFGR1oxeHMxa0pnRGRXWmNCdjFIT0N5dUtYYnJBaEhLZmVjOUdQK3ovTFRGQ2FlbklhCnY5bTd1NHh4YWt6K1pvZkRyWGhvUFl5VDZlcU1QRDFSMGkwTHpzeHQwVnNUUno5RUJrM2ZRc2dPdjRVZGZVNXYKcE5wSHI2Y1NaaEhkcWs0TTNDelNqeUdxaE9sSU1hZzlXR010b1RxaG1DYTVweWtISldIYk5TNHlZTEFxckR0dQp2RlZtV3JrYzlweVEzWVlOMWEwQ0F3RUFBYU1qTUNFd0RnWURWUjBQQVFIL0JBUURBZ0trTUE4R0ExVWRFd0VCCi93UUZNQU1CQWY4d0RRWUpLb1pJaHZjTkFRRUxCUUFEZ2dFQkFEeFFiblJtTzNsQ3RnRElwRjg4QnNaWkFPWE0KdTJ1QVVXdUhpQUkwbkJYZTlzV3VWTmh2NTJKUUxENGJabkROeUM3bW5sL01jQWFzUUozR1gyNnhEOWlnSlZHSgpUM0pqY25YOTllak9pZFFlbGs0ZTB1Q3dOY0IxMGVLRmRnVXdBMm9iSzZWdjB2eUJ0dVFoRDVuMStYVVJjNXdZCjBIU0R4K1EvNzRLZFJjNHdtQXNyT2VsM2xJSHdWSE1qMFRGeHJlKzFtS3VoZFlUSnJQcnNQVVRLWi83QmhRMjUKR21YWUR4b2QrYjVLU2V4TGJPQ093M28vYjhUY3lnbGd3VVptdDk4QTNCRjN1RGU1Ri8rYnJUeS8ybmthZXplegp0VzAvb1lNZVdNclQ3MHUxN09vM2JsMFNSbnlPNWJKUFQrM09FYlZwMnBlbTgyN1Bqa1J0TXVPWXRCUT0KLS0tLS1FTkQgQ0VSVElGSUNBVEUtLS0tLQo=' --apiserver-endpoint 'https://E9DDF0D03D4AA168897FC959A6EF2391.sk1.eu-west-1.eks.amazonaws.com'  --kubelet-extra-args '' 'test-eks-RUacjNXm'\n\n# Allow user supplied userdata code\necho foo bar\n",
            "template": "#!/bin/bash -xe\n\n# Allow user supplied pre userdata code\n${pre_userdata}\n\n# Bootstrap and join the cluster\n/etc/eks/bootstrap.sh --b64-cluster-ca '${cluster_auth_base64}' --apiserver-endpoint '${endpoint}' ${bootstrap_extra_args} --kubelet-extra-args '${kubelet_extra_args}' '${cluster_name}'\n\n# Allow user supplied userdata code\n${additional_userdata}\n",
            "vars": {
              "additional_userdata": "echo foo bar",
              "bootstrap_extra_args": "",
              "cluster_auth_base64": "LS0tLS1CRUdJTiBDRVJUSUZJQ0FURS0tLS0tCk1JSUN5RENDQWJDZ0F3SUJBZ0lCQURBTkJna3Foa2lHOXcwQkFRc0ZBREFWTVJNd0VRWURWUVFERXdwcmRXSmwKY201bGRHVnpNQjRYRFRFNU1EZ3dOekU1TURJd05sb1hEVEk1TURnd05ERTVNREl3Tmxvd0ZURVRNQkVHQTFVRQpBeE1LYTNWaVpYSnVaWFJsY3pDQ0FTSXdEUVlKS29aSWh2Y05BUUVCQlFBRGdnRVBBRENDQVFvQ2dnRUJBS2pICm5CM2JKNzN6dDJkTEhCYTQwV0RjRkVtVHNWRml0ZGUxTTUzNXEvS3grcFZpSXRqQUROMXhMN25Bb254QXRyNE4KWW9jOTJOTWdlSXFvSTI4UFQwdXBIQktsVmF3Y0dDWlpqL1EvS0U0TFVOeThrUU5aelJkY3ZMWlhJTXE3dEFraApUaEx6Z2dFZ0E0cE5tUEFGR1oxeHMxa0pnRGRXWmNCdjFIT0N5dUtYYnJBaEhLZmVjOUdQK3ovTFRGQ2FlbklhCnY5bTd1NHh4YWt6K1pvZkRyWGhvUFl5VDZlcU1QRDFSMGkwTHpzeHQwVnNUUno5RUJrM2ZRc2dPdjRVZGZVNXYKcE5wSHI2Y1NaaEhkcWs0TTNDelNqeUdxaE9sSU1hZzlXR010b1RxaG1DYTVweWtISldIYk5TNHlZTEFxckR0dQp2RlZtV3JrYzlweVEzWVlOMWEwQ0F3RUFBYU1qTUNFd0RnWURWUjBQQVFIL0JBUURBZ0trTUE4R0ExVWRFd0VCCi93UUZNQU1CQWY4d0RRWUpLb1pJaHZjTkFRRUxCUUFEZ2dFQkFEeFFiblJtTzNsQ3RnRElwRjg4QnNaWkFPWE0KdTJ1QVVXdUhpQUkwbkJYZTlzV3VWTmh2NTJKUUxENGJabkROeUM3bW5sL01jQWFzUUozR1gyNnhEOWlnSlZHSgpUM0pqY25YOTllak9pZFFlbGs0ZTB1Q3dOY0IxMGVLRmRnVXdBMm9iSzZWdjB2eUJ0dVFoRDVuMStYVVJjNXdZCjBIU0R4K1EvNzRLZFJjNHdtQXNyT2VsM2xJSHdWSE1qMFRGeHJlKzFtS3VoZFlUSnJQcnNQVVRLWi83QmhRMjUKR21YWUR4b2QrYjVLU2V4TGJPQ093M28vYjhUY3lnbGd3VVptdDk4QTNCRjN1RGU1Ri8rYnJUeS8ybmthZXplegp0VzAvb1lNZVdNclQ3MHUxN09vM2JsMFNSbnlPNWJKUFQrM09FYlZwMnBlbTgyN1Bqa1J0TXVPWXRCUT0KLS0tLS1FTkQgQ0VSVElGSUNBVEUtLS0tLQo=",
              "cluster_name": "test-eks-RUacjNXm",
              "endpoint": "https://E9DDF0D03D4AA168897FC959A6EF2391.sk1.eu-west-1.eks.amazonaws.com",
              "kubelet_extra_args": "",
              "pre_userdata": ""
            }
          },
          "depends_on": [
            "aws_eks_cluster.this"
          ]
        },
        {
          "index_key": 1,
          "schema_version": 0,
          "attributes": {
            "filename": null,
            "id": "12e12dfa8a8169945b3527d39e5e1dab6a1c50069ffbebeafe194e5880d0afc4",
            "rendered": "#!/bin/bash -xe\n\n# Allow user supplied pre userdata code\n\n\n# Bootstrap and join the cluster\n/etc/eks/bootstrap.sh --b64-cluster-ca 'LS0tLS1CRUdJTiBDRVJUSUZJQ0FURS0tLS0tCk1JSUN5RENDQWJDZ0F3SUJBZ0lCQURBTkJna3Foa2lHOXcwQkFRc0ZBREFWTVJNd0VRWURWUVFERXdwcmRXSmwKY201bGRHVnpNQjRYRFRFNU1EZ3dOekU1TURJd05sb1hEVEk1TURnd05ERTVNREl3Tmxvd0ZURVRNQkVHQTFVRQpBeE1LYTNWaVpYSnVaWFJsY3pDQ0FTSXdEUVlKS29aSWh2Y05BUUVCQlFBRGdnRVBBRENDQVFvQ2dnRUJBS2pICm5CM2JKNzN6dDJkTEhCYTQwV0RjRkVtVHNWRml0ZGUxTTUzNXEvS3grcFZpSXRqQUROMXhMN25Bb254QXRyNE4KWW9jOTJOTWdlSXFvSTI4UFQwdXBIQktsVmF3Y0dDWlpqL1EvS0U0TFVOeThrUU5aelJkY3ZMWlhJTXE3dEFraApUaEx6Z2dFZ0E0cE5tUEFGR1oxeHMxa0pnRGRXWmNCdjFIT0N5dUtYYnJBaEhLZmVjOUdQK3ovTFRGQ2FlbklhCnY5bTd1NHh4YWt6K1pvZkRyWGhvUFl5VDZlcU1QRDFSMGkwTHpzeHQwVnNUUno5RUJrM2ZRc2dPdjRVZGZVNXYKcE5wSHI2Y1NaaEhkcWs0TTNDelNqeUdxaE9sSU1hZzlXR010b1RxaG1DYTVweWtISldIYk5TNHlZTEFxckR0dQp2RlZtV3JrYzlweVEzWVlOMWEwQ0F3RUFBYU1qTUNFd0RnWURWUjBQQVFIL0JBUURBZ0trTUE4R0ExVWRFd0VCCi93UUZNQU1CQWY4d0RRWUpLb1pJaHZjTkFRRUxCUUFEZ2dFQkFEeFFiblJtTzNsQ3RnRElwRjg4QnNaWkFPWE0KdTJ1QVVXdUhpQUkwbkJYZTlzV3VWTmh2NTJKUUxENGJabkROeUM3bW5sL01jQWFzUUozR1gyNnhEOWlnSlZHSgpUM0pqY25YOTllak9pZFFlbGs0ZTB1Q3dOY0IxMGVLRmRnVXdBMm9iSzZWdjB2eUJ0dVFoRDVuMStYVVJjNXdZCjBIU0R4K1EvNzRLZFJjNHdtQXNyT2VsM2xJSHdWSE1qMFRGeHJlKzFtS3VoZFlUSnJQcnNQVVRLWi83QmhRMjUKR21YWUR4b2QrYjVLU2V4TGJPQ093M28vYjhUY3lnbGd3VVptdDk4QTNCRjN1RGU1Ri8rYnJUeS8ybmthZXplegp0VzAvb1lNZVdNclQ3MHUxN09vM2JsMFNSbnlPNWJKUFQrM09FYlZwMnBlbTgyN1Bqa1J0TXVPWXRCUT0KLS0tLS1FTkQgQ0VSVElGSUNBVEUtLS0tLQo=' --apiserver-endpoint 'https://E9DDF0D03D4AA168897FC959A6EF2391.sk1.eu-west-1.eks.amazonaws.com'  --kubelet-extra-args '' 'test-eks-RUacjNXm'\n\n# Allow user supplied userdata code\necho foo bar\n",
            "template": "#!/bin/bash -xe\n\n# Allow user supplied pre userdata code\n${pre_userdata}\n\n# Bootstrap and join the cluster\n/etc/eks/bootstrap.sh --b64-cluster-ca '${cluster_auth_base64}' --apiserver-endpoint '${endpoint}' ${bootstrap_extra_args} --kubelet-extra-args '${kubelet_extra_args}' '${cluster_name}'\n\n# Allow user supplied userdata code\n${additional_userdata}\n",
            "vars": {
              "additional_userdata": "echo foo bar",
              "bootstrap_extra_args": "",
              "cluster_auth_base64": "LS0tLS1CRUdJTiBDRVJUSUZJQ0FURS0tLS0tCk1JSUN5RENDQWJDZ0F3SUJBZ0lCQURBTkJna3Foa2lHOXcwQkFRc0ZBREFWTVJNd0VRWURWUVFERXdwcmRXSmwKY201bGRHVnpNQjRYRFRFNU1EZ3dOekU1TURJd05sb1hEVEk1TURnd05ERTVNREl3Tmxvd0ZURVRNQkVHQTFVRQpBeE1LYTNWaVpYSnVaWFJsY3pDQ0FTSXdEUVlKS29aSWh2Y05BUUVCQlFBRGdnRVBBRENDQVFvQ2dnRUJBS2pICm5CM2JKNzN6dDJkTEhCYTQwV0RjRkVtVHNWRml0ZGUxTTUzNXEvS3grcFZpSXRqQUROMXhMN25Bb254QXRyNE4KWW9jOTJOTWdlSXFvSTI4UFQwdXBIQktsVmF3Y0dDWlpqL1EvS0U0TFVOeThrUU5aelJkY3ZMWlhJTXE3dEFraApUaEx6Z2dFZ0E0cE5tUEFGR1oxeHMxa0pnRGRXWmNCdjFIT0N5dUtYYnJBaEhLZmVjOUdQK3ovTFRGQ2FlbklhCnY5bTd1NHh4YWt6K1pvZkRyWGhvUFl5VDZlcU1QRDFSMGkwTHpzeHQwVnNUUno5RUJrM2ZRc2dPdjRVZGZVNXYKcE5wSHI2Y1NaaEhkcWs0TTNDelNqeUdxaE9sSU1hZzlXR010b1RxaG1DYTVweWtISldIYk5TNHlZTEFxckR0dQp2RlZtV3JrYzlweVEzWVlOMWEwQ0F3RUFBYU1qTUNFd0RnWURWUjBQQVFIL0JBUURBZ0trTUE4R0ExVWRFd0VCCi93UUZNQU1CQWY4d0RRWUpLb1pJaHZjTkFRRUxCUUFEZ2dFQkFEeFFiblJtTzNsQ3RnRElwRjg4QnNaWkFPWE0KdTJ1QVVXdUhpQUkwbkJYZTlzV3VWTmh2NTJKUUxENGJabkROeUM3bW5sL01jQWFzUUozR1gyNnhEOWlnSlZHSgpUM0pqY25YOTllak9pZFFlbGs0ZTB1Q3dOY0IxMGVLRmRnVXdBMm9iSzZWdjB2eUJ0dVFoRDVuMStYVVJjNXdZCjBIU0R4K1EvNzRLZFJjNHdtQXNyT2VsM2xJSHdWSE1qMFRGeHJlKzFtS3VoZFlUSnJQcnNQVVRLWi83QmhRMjUKR21YWUR4b2QrYjVLU2V4TGJPQ093M28vYjhUY3lnbGd3VVptdDk4QTNCRjN1RGU1Ri8rYnJUeS8ybmthZXplegp0VzAvb1lNZVdNclQ3MHUxN09vM2JsMFNSbnlPNWJKUFQrM09FYlZwMnBlbTgyN1Bqa1J0TXVPWXRCUT0KLS0tLS1FTkQgQ0VSVElGSUNBVEUtLS0tLQo=",
              "cluster_name": "test-eks-RUacjNXm",
              "endpoint": "https://E9DDF0D03D4AA168897FC959A6EF2391.sk1.eu-west-1.eks.amazonaws.com",
              "kubelet_extra_args": "",
              "pre_userdata": ""
            }
          },
          "depends_on": [
            "aws_eks_cluster.this"
          ]
        }
      ]
    },
    {
      "module": "module.eks",
      "mode": "data",
      "type": "template_file",
      "name": "worker_role_arns",
      "each": "list",
      "provider": "provider.template",
      "instances": [
        {
          "index_key": 0,
          "schema_version": 0,
          "attributes": {
            "filename": null,
            "id": "5a7235d5316aadd4b346e7ba9d341a2e6c58a9255b4db34b727266a171184855",
            "rendered": "    - rolearn: arn:aws:iam::068425271656:role/test-eks-RUacjNXm20190807190415654300000008\n      username: system:node:{{EC2PrivateDNSName}}\n      groups:\n        - system:bootstrappers\n        - system:nodes\n",
            "template": "    - rolearn: ${worker_role_arn}\n      username: system:node:{{EC2PrivateDNSName}}\n      groups:\n        - system:bootstrappers\n        - system:nodes\n",
            "vars": {
              "worker_role_arn": "arn:aws:iam::068425271656:role/test-eks-RUacjNXm20190807190415654300000008"
            }
          },
          "depends_on": [
            "aws_iam_instance_profile.workers",
            "data.aws_caller_identity.current",
            "data.aws_iam_instance_profile.custom_worker_group_iam_instance_profile"
          ]
        },
        {
          "index_key": 1,
          "schema_version": 0,
          "attributes": {
            "filename": null,
            "id": "5a7235d5316aadd4b346e7ba9d341a2e6c58a9255b4db34b727266a171184855",
            "rendered": "    - rolearn: arn:aws:iam::068425271656:role/test-eks-RUacjNXm20190807190415654300000008\n      username: system:node:{{EC2PrivateDNSName}}\n      groups:\n        - system:bootstrappers\n        - system:nodes\n",
            "template": "    - rolearn: ${worker_role_arn}\n      username: system:node:{{EC2PrivateDNSName}}\n      groups:\n        - system:bootstrappers\n        - system:nodes\n",
            "vars": {
              "worker_role_arn": "arn:aws:iam::068425271656:role/test-eks-RUacjNXm20190807190415654300000008"
            }
          },
          "depends_on": [
            "aws_iam_instance_profile.workers",
            "data.aws_caller_identity.current",
            "data.aws_iam_instance_profile.custom_worker_group_iam_instance_profile"
          ]
        }
      ]
    },
    {
      "module": "module.eks",
      "mode": "data",
      "type": "template_file",
      "name": "workers_launch_template_mixed",
      "each": "list",
      "provider": "provider.template",
      "instances": []
    },
    {
      "module": "module.eks",
      "mode": "managed",
      "type": "aws_autoscaling_group",
      "name": "workers",
      "each": "list",
      "provider": "provider.aws",
      "instances": [
        {
          "index_key": 0,
          "schema_version": 0,
          "attributes": {
            "arn": "arn:aws:autoscaling:eu-west-1:068425271656:autoScalingGroup:0f850117-81ef-4618-8b97-5c7eb9f8e48f:autoScalingGroupName/test-eks-RUacjNXm-worker-group-120190807190428647800000014",
            "availability_zones": [
              "eu-west-1a",
              "eu-west-1b",
              "eu-west-1c"
            ],
            "default_cooldown": 300,
            "desired_capacity": 2,
            "enabled_metrics": null,
            "force_delete": false,
            "health_check_grace_period": 300,
            "health_check_type": "EC2",
            "id": "test-eks-RUacjNXm-worker-group-120190807190428647800000014",
            "initial_lifecycle_hook": [],
            "launch_configuration": "test-eks-RUacjNXm-worker-group-120190807190419027300000012",
            "launch_template": [],
            "load_balancers": [],
            "max_size": 3,
            "metrics_granularity": "1Minute",
            "min_elb_capacity": null,
            "min_size": 1,
            "mixed_instances_policy": [],
            "name": "test-eks-RUacjNXm-worker-group-120190807190428647800000014",
            "name_prefix": "test-eks-RUacjNXm-worker-group-1",
            "placement_group": "",
            "protect_from_scale_in": false,
            "service_linked_role_arn": "arn:aws:iam::068425271656:role/aws-service-role/autoscaling.amazonaws.com/AWSServiceRoleForAutoScaling",
            "suspended_processes": [
              "AZRebalance"
            ],
            "tag": [],
            "tags": [
              {
                "key": "Name",
                "propagate_at_launch": "true",
                "value": "test-eks-RUacjNXm-worker-group-1-eks_asg"
              },
              {
                "key": "kubernetes.io/cluster/test-eks-RUacjNXm",
                "propagate_at_launch": "true",
                "value": "owned"
              },
              {
                "key": "k8s.io/cluster-autoscaler/disabled",
                "propagate_at_launch": "false",
                "value": "true"
              },
              {
                "key": "k8s.io/cluster-autoscaler/test-eks-RUacjNXm",
                "propagate_at_launch": "false",
                "value": "test-eks-RUacjNXm"
              },
              {
                "key": "k8s.io/cluster-autoscaler/node-template/resources/ephemeral-storage",
                "propagate_at_launch": "false",
                "value": "100Gi"
              },
              {
                "key": "Environment",
                "propagate_at_launch": "true",
                "value": "test"
              },
              {
                "key": "GithubOrg",
                "propagate_at_launch": "true",
                "value": "terraform-aws-modules"
              },
              {
                "key": "GithubRepo",
                "propagate_at_launch": "true",
                "value": "terraform-aws-eks"
              }
            ],
            "target_group_arns": [],
            "termination_policies": [],
            "timeouts": null,
            "vpc_zone_identifier": [
              "subnet-0325b6db447ec90fc",
              "subnet-04df405995cb85f33",
              "subnet-095bd0713ea1d1b4a"
            ],
            "wait_for_capacity_timeout": "10m",
            "wait_for_elb_capacity": null
          },
          "private": "eyJlMmJmYjczMC1lY2FhLTExZTYtOGY4OC0zNDM2M2JjN2M0YzAiOnsiZGVsZXRlIjo2MDAwMDAwMDAwMDB9fQ==",
          "depends_on": [
            "aws_eks_cluster.this",
            "aws_launch_configuration.workers"
          ]
        },
        {
          "index_key": 1,
          "schema_version": 0,
          "attributes": {
            "arn": "arn:aws:autoscaling:eu-west-1:068425271656:autoScalingGroup:1fad8eea-5522-49e5-a485-2e86412006db:autoScalingGroupName/test-eks-RUacjNXm-worker-group-220190807190428646000000013",
            "availability_zones": [
              "eu-west-1a",
              "eu-west-1b",
              "eu-west-1c"
            ],
            "default_cooldown": 300,
            "desired_capacity": 1,
            "enabled_metrics": null,
            "force_delete": false,
            "health_check_grace_period": 300,
            "health_check_type": "EC2",
            "id": "test-eks-RUacjNXm-worker-group-220190807190428646000000013",
            "initial_lifecycle_hook": [],
            "launch_configuration": "test-eks-RUacjNXm-worker-group-220190807190418992300000011",
            "launch_template": [],
            "load_balancers": [],
            "max_size": 3,
            "metrics_granularity": "1Minute",
            "min_elb_capacity": null,
            "min_size": 1,
            "mixed_instances_policy": [],
            "name": "test-eks-RUacjNXm-worker-group-220190807190428646000000013",
            "name_prefix": "test-eks-RUacjNXm-worker-group-2",
            "placement_group": "",
            "protect_from_scale_in": false,
            "service_linked_role_arn": "arn:aws:iam::068425271656:role/aws-service-role/autoscaling.amazonaws.com/AWSServiceRoleForAutoScaling",
            "suspended_processes": [
              "AZRebalance"
            ],
            "tag": [],
            "tags": [
              {
                "key": "Name",
                "propagate_at_launch": "true",
                "value": "test-eks-RUacjNXm-worker-group-2-eks_asg"
              },
              {
                "key": "kubernetes.io/cluster/test-eks-RUacjNXm",
                "propagate_at_launch": "true",
                "value": "owned"
              },
              {
                "key": "k8s.io/cluster-autoscaler/disabled",
                "propagate_at_launch": "false",
                "value": "true"
              },
              {
                "key": "k8s.io/cluster-autoscaler/test-eks-RUacjNXm",
                "propagate_at_launch": "false",
                "value": "test-eks-RUacjNXm"
              },
              {
                "key": "k8s.io/cluster-autoscaler/node-template/resources/ephemeral-storage",
                "propagate_at_launch": "false",
                "value": "100Gi"
              },
              {
                "key": "Environment",
                "propagate_at_launch": "true",
                "value": "test"
              },
              {
                "key": "GithubOrg",
                "propagate_at_launch": "true",
                "value": "terraform-aws-modules"
              },
              {
                "key": "GithubRepo",
                "propagate_at_launch": "true",
                "value": "terraform-aws-eks"
              }
            ],
            "target_group_arns": [],
            "termination_policies": [],
            "timeouts": null,
            "vpc_zone_identifier": [
              "subnet-0325b6db447ec90fc",
              "subnet-04df405995cb85f33",
              "subnet-095bd0713ea1d1b4a"
            ],
            "wait_for_capacity_timeout": "10m",
            "wait_for_elb_capacity": null
          },
          "private": "eyJlMmJmYjczMC1lY2FhLTExZTYtOGY4OC0zNDM2M2JjN2M0YzAiOnsiZGVsZXRlIjo2MDAwMDAwMDAwMDB9fQ==",
          "depends_on": [
            "aws_eks_cluster.this",
            "aws_launch_configuration.workers"
          ]
        }
      ]
    },
    {
      "module": "module.eks",
      "mode": "managed",
      "type": "aws_autoscaling_group",
      "name": "workers_launch_template",
      "each": "list",
      "provider": "provider.aws",
      "instances": []
    },
    {
      "module": "module.eks",
      "mode": "managed",
      "type": "aws_autoscaling_group",
      "name": "workers_launch_template_mixed",
      "each": "list",
      "provider": "provider.aws",
      "instances": []
    },
    {
      "module": "module.eks",
      "mode": "managed",
      "type": "aws_cloudwatch_log_group",
      "name": "this",
      "each": "list",
      "provider": "provider.aws",
      "instances": []
    },
    {
      "module": "module.vpc",
      "mode": "managed",
      "type": "aws_db_subnet_group",
      "name": "database",
      "each": "list",
      "provider": "provider.aws",
      "instances": []
    },
    {
      "module": "module.vpc",
      "mode": "managed",
      "type": "aws_default_network_acl",
      "name": "this",
      "each": "list",
      "provider": "provider.aws",
      "instances": []
    },
    {
      "module": "module.vpc",
      "mode": "managed",
      "type": "aws_default_vpc",
      "name": "this",
      "each": "list",
      "provider": "provider.aws",
      "instances": []
    },
    {
      "module": "module.vpc",
      "mode": "managed",
      "type": "aws_eip",
      "name": "nat",
      "each": "list",
      "provider": "provider.aws",
      "instances": [
        {
          "index_key": 0,
          "schema_version": 0,
          "attributes": {
            "allocation_id": null,
            "associate_with_private_ip": null,
            "association_id": "",
            "domain": "vpc",
            "id": "eipalloc-02762977c80931155",
            "instance": "",
            "network_interface": "",
            "private_dns": null,
            "private_ip": "",
            "public_dns": "ec2-52-215-195-175.eu-west-1.compute.amazonaws.com",
            "public_ip": "52.215.195.175",
            "public_ipv4_pool": "amazon",
            "tags": {
              "Name": "test-vpc-eu-west-1a",
              "kubernetes.io/cluster/test-eks-RUacjNXm": "shared"
            },
            "timeouts": null,
            "vpc": true
          },
          "private": "eyJlMmJmYjczMC1lY2FhLTExZTYtOGY4OC0zNDM2M2JjN2M0YzAiOnsiZGVsZXRlIjoxODAwMDAwMDAwMDAsInJlYWQiOjkwMDAwMDAwMDAwMCwidXBkYXRlIjozMDAwMDAwMDAwMDB9fQ=="
        }
      ]
    },
    {
      "module": "module.eks",
      "mode": "managed",
      "type": "aws_eks_cluster",
      "name": "this",
      "provider": "provider.aws",
      "instances": [
        {
          "schema_version": 0,
          "attributes": {
            "arn": "arn:aws:eks:eu-west-1:068425271656:cluster/test-eks-RUacjNXm",
            "certificate_authority": [
              {
                "data": "LS0tLS1CRUdJTiBDRVJUSUZJQ0FURS0tLS0tCk1JSUN5RENDQWJDZ0F3SUJBZ0lCQURBTkJna3Foa2lHOXcwQkFRc0ZBREFWTVJNd0VRWURWUVFERXdwcmRXSmwKY201bGRHVnpNQjRYRFRFNU1EZ3dOekU1TURJd05sb1hEVEk1TURnd05ERTVNREl3Tmxvd0ZURVRNQkVHQTFVRQpBeE1LYTNWaVpYSnVaWFJsY3pDQ0FTSXdEUVlKS29aSWh2Y05BUUVCQlFBRGdnRVBBRENDQVFvQ2dnRUJBS2pICm5CM2JKNzN6dDJkTEhCYTQwV0RjRkVtVHNWRml0ZGUxTTUzNXEvS3grcFZpSXRqQUROMXhMN25Bb254QXRyNE4KWW9jOTJOTWdlSXFvSTI4UFQwdXBIQktsVmF3Y0dDWlpqL1EvS0U0TFVOeThrUU5aelJkY3ZMWlhJTXE3dEFraApUaEx6Z2dFZ0E0cE5tUEFGR1oxeHMxa0pnRGRXWmNCdjFIT0N5dUtYYnJBaEhLZmVjOUdQK3ovTFRGQ2FlbklhCnY5bTd1NHh4YWt6K1pvZkRyWGhvUFl5VDZlcU1QRDFSMGkwTHpzeHQwVnNUUno5RUJrM2ZRc2dPdjRVZGZVNXYKcE5wSHI2Y1NaaEhkcWs0TTNDelNqeUdxaE9sSU1hZzlXR010b1RxaG1DYTVweWtISldIYk5TNHlZTEFxckR0dQp2RlZtV3JrYzlweVEzWVlOMWEwQ0F3RUFBYU1qTUNFd0RnWURWUjBQQVFIL0JBUURBZ0trTUE4R0ExVWRFd0VCCi93UUZNQU1CQWY4d0RRWUpLb1pJaHZjTkFRRUxCUUFEZ2dFQkFEeFFiblJtTzNsQ3RnRElwRjg4QnNaWkFPWE0KdTJ1QVVXdUhpQUkwbkJYZTlzV3VWTmh2NTJKUUxENGJabkROeUM3bW5sL01jQWFzUUozR1gyNnhEOWlnSlZHSgpUM0pqY25YOTllak9pZFFlbGs0ZTB1Q3dOY0IxMGVLRmRnVXdBMm9iSzZWdjB2eUJ0dVFoRDVuMStYVVJjNXdZCjBIU0R4K1EvNzRLZFJjNHdtQXNyT2VsM2xJSHdWSE1qMFRGeHJlKzFtS3VoZFlUSnJQcnNQVVRLWi83QmhRMjUKR21YWUR4b2QrYjVLU2V4TGJPQ093M28vYjhUY3lnbGd3VVptdDk4QTNCRjN1RGU1Ri8rYnJUeS8ybmthZXplegp0VzAvb1lNZVdNclQ3MHUxN09vM2JsMFNSbnlPNWJKUFQrM09FYlZwMnBlbTgyN1Bqa1J0TXVPWXRCUT0KLS0tLS1FTkQgQ0VSVElGSUNBVEUtLS0tLQo="
              }
            ],
            "created_at": "2019-08-07 18:54:49 +0000 UTC",
            "enabled_cluster_log_types": null,
            "endpoint": "https://E9DDF0D03D4AA168897FC959A6EF2391.sk1.eu-west-1.eks.amazonaws.com",
            "id": "test-eks-RUacjNXm",
            "name": "test-eks-RUacjNXm",
            "platform_version": "eks.2",
            "role_arn": "arn:aws:iam::068425271656:role/test-eks-RUacjNXm20190807185432235800000001",
            "status": "ACTIVE",
            "timeouts": {
              "create": "15m",
              "delete": "15m",
              "update": null
            },
            "version": "1.13",
            "vpc_config": [
              {
                "endpoint_private_access": false,
                "endpoint_public_access": true,
                "security_group_ids": [
                  "sg-04492345cece8e60b"
                ],
                "subnet_ids": [
                  "subnet-0325b6db447ec90fc",
                  "subnet-04df405995cb85f33",
                  "subnet-095bd0713ea1d1b4a"
                ],
                "vpc_id": "vpc-0ee31974ac8596103"
              }
            ]
          },
          "private": "eyJlMmJmYjczMC1lY2FhLTExZTYtOGY4OC0zNDM2M2JjN2M0YzAiOnsiY3JlYXRlIjo5MDAwMDAwMDAwMDAsImRlbGV0ZSI6OTAwMDAwMDAwMDAwLCJ1cGRhdGUiOjM2MDAwMDAwMDAwMDB9fQ==",
          "depends_on": [
            "aws_cloudwatch_log_group.this",
            "aws_iam_role_policy_attachment.cluster_AmazonEKSClusterPolicy",
            "aws_iam_role_policy_attachment.cluster_AmazonEKSServicePolicy"
          ]
        }
      ]
    },
    {
      "module": "module.vpc",
      "mode": "managed",
      "type": "aws_elasticache_subnet_group",
      "name": "elasticache",
      "each": "list",
      "provider": "provider.aws",
      "instances": []
    },
    {
      "module": "module.eks",
      "mode": "managed",
      "type": "aws_iam_instance_profile",
      "name": "workers",
      "each": "list",
      "provider": "provider.aws",
      "instances": [
        {
          "index_key": 0,
          "schema_version": 0,
          "attributes": {
            "arn": "arn:aws:iam::068425271656:instance-profile/test-eks-RUacjNXm2019080719041681140000000b",
            "create_date": "2019-08-07T19:04:17Z",
            "id": "test-eks-RUacjNXm2019080719041681140000000b",
            "name": "test-eks-RUacjNXm2019080719041681140000000b",
            "name_prefix": "test-eks-RUacjNXm",
            "path": "/",
            "role": "test-eks-RUacjNXm20190807190415654300000008",
            "roles": [],
            "unique_id": "AIPAQ73TWZFUCWTL3XFW6"
          },
          "private": "bnVsbA==",
          "depends_on": [
            "aws_eks_cluster.this"
          ]
        },
        {
          "index_key": 1,
          "schema_version": 0,
          "attributes": {
            "arn": "arn:aws:iam::068425271656:instance-profile/test-eks-RUacjNXm2019080719041683350000000c",
            "create_date": "2019-08-07T19:04:17Z",
            "id": "test-eks-RUacjNXm2019080719041683350000000c",
            "name": "test-eks-RUacjNXm2019080719041683350000000c",
            "name_prefix": "test-eks-RUacjNXm",
            "path": "/",
            "role": "test-eks-RUacjNXm20190807190415654300000008",
            "roles": [],
            "unique_id": "AIPAQ73TWZFUEQJSEUJA2"
          },
          "private": "bnVsbA==",
          "depends_on": [
            "aws_eks_cluster.this"
          ]
        }
      ]
    },
    {
      "module": "module.eks",
      "mode": "managed",
      "type": "aws_iam_instance_profile",
      "name": "workers_launch_template",
      "each": "list",
      "provider": "provider.aws",
      "instances": []
    },
    {
      "module": "module.eks",
      "mode": "managed",
      "type": "aws_iam_instance_profile",
      "name": "workers_launch_template_mixed",
      "each": "list",
      "provider": "provider.aws",
      "instances": []
    },
    {
      "module": "module.eks",
      "mode": "managed",
      "type": "aws_iam_policy",
      "name": "worker_autoscaling",
      "each": "list",
      "provider": "provider.aws",
      "instances": [
        {
          "index_key": 0,
          "schema_version": 0,
          "attributes": {
            "arn": "arn:aws:iam::068425271656:policy/eks-worker-autoscaling-test-eks-RUacjNXm2019080719041575920000000a",
            "description": "EKS worker node autoscaling policy for cluster test-eks-RUacjNXm",
            "id": "arn:aws:iam::068425271656:policy/eks-worker-autoscaling-test-eks-RUacjNXm2019080719041575920000000a",
            "name": "eks-worker-autoscaling-test-eks-RUacjNXm2019080719041575920000000a",
            "name_prefix": "eks-worker-autoscaling-test-eks-RUacjNXm",
            "path": "/",
            "policy": "{\n  \"Version\": \"2012-10-17\",\n  \"Statement\": [\n    {\n      \"Sid\": \"eksWorkerAutoscalingAll\",\n      \"Effect\": \"Allow\",\n      \"Action\": [\n        \"ec2:DescribeLaunchTemplateVersions\",\n        \"autoscaling:DescribeTags\",\n        \"autoscaling:DescribeLaunchConfigurations\",\n        \"autoscaling:DescribeAutoScalingInstances\",\n        \"autoscaling:DescribeAutoScalingGroups\"\n      ],\n      \"Resource\": \"*\"\n    },\n    {\n      \"Sid\": \"eksWorkerAutoscalingOwn\",\n      \"Effect\": \"Allow\",\n      \"Action\": [\n        \"autoscaling:UpdateAutoScalingGroup\",\n        \"autoscaling:TerminateInstanceInAutoScalingGroup\",\n        \"autoscaling:SetDesiredCapacity\"\n      ],\n      \"Resource\": \"*\",\n      \"Condition\": {\n        \"StringEquals\": {\n          \"autoscaling:ResourceTag/k8s.io/cluster-autoscaler/enabled\": \"true\",\n          \"autoscaling:ResourceTag/kubernetes.io/cluster/test-eks-RUacjNXm\": \"owned\"\n        }\n      }\n    }\n  ]\n}"
          },
          "private": "bnVsbA==",
          "depends_on": [
            "aws_eks_cluster.this",
            "data.aws_iam_policy_document.worker_autoscaling"
          ]
        }
      ]
    },
    {
      "module": "module.eks",
      "mode": "managed",
      "type": "aws_iam_role",
      "name": "cluster",
      "each": "list",
      "provider": "provider.aws",
      "instances": [
        {
          "index_key": 0,
          "schema_version": 0,
          "attributes": {
            "arn": "arn:aws:iam::068425271656:role/test-eks-RUacjNXm20190807185432235800000001",
            "assume_role_policy": "{\"Version\":\"2012-10-17\",\"Statement\":[{\"Sid\":\"EKSClusterAssumeRole\",\"Effect\":\"Allow\",\"Principal\":{\"Service\":\"eks.amazonaws.com\"},\"Action\":\"sts:AssumeRole\"}]}",
            "create_date": "2019-08-07T18:54:32Z",
            "description": "",
            "force_detach_policies": true,
            "id": "test-eks-RUacjNXm20190807185432235800000001",
            "max_session_duration": 3600,
            "name": "test-eks-RUacjNXm20190807185432235800000001",
            "name_prefix": "test-eks-RUacjNXm",
            "path": "/",
            "permissions_boundary": "",
            "tags": {
              "Environment": "test",
              "GithubOrg": "terraform-aws-modules",
              "GithubRepo": "terraform-aws-eks"
            },
            "unique_id": "AROAQ73TWZFUPIWL3SQVK"
          },
          "private": "bnVsbA==",
          "depends_on": [
            "data.aws_iam_policy_document.cluster_assume_role_policy"
          ]
        }
      ]
    },
    {
      "module": "module.eks",
      "mode": "managed",
      "type": "aws_iam_role",
      "name": "workers",
      "each": "list",
      "provider": "provider.aws",
      "instances": [
        {
          "index_key": 0,
          "schema_version": 0,
          "attributes": {
            "arn": "arn:aws:iam::068425271656:role/test-eks-RUacjNXm20190807190415654300000008",
            "assume_role_policy": "{\"Version\":\"2012-10-17\",\"Statement\":[{\"Sid\":\"EKSWorkerAssumeRole\",\"Effect\":\"Allow\",\"Principal\":{\"Service\":\"ec2.amazonaws.com\"},\"Action\":\"sts:AssumeRole\"}]}",
            "create_date": "2019-08-07T19:04:16Z",
            "description": "",
            "force_detach_policies": true,
            "id": "test-eks-RUacjNXm20190807190415654300000008",
            "max_session_duration": 3600,
            "name": "test-eks-RUacjNXm20190807190415654300000008",
            "name_prefix": "test-eks-RUacjNXm",
            "path": "/",
            "permissions_boundary": "",
            "tags": null,
            "unique_id": "AROAQ73TWZFUNTG2W2EFA"
          },
          "private": "bnVsbA==",
          "depends_on": [
            "aws_eks_cluster.this",
            "data.aws_iam_policy_document.workers_assume_role_policy"
          ]
        }
      ]
    },
    {
      "module": "module.eks",
      "mode": "managed",
      "type": "aws_iam_role_policy_attachment",
      "name": "cluster_AmazonEKSClusterPolicy",
      "each": "list",
      "provider": "provider.aws",
      "instances": [
        {
          "index_key": 0,
          "schema_version": 0,
          "attributes": {
            "id": "test-eks-RUacjNXm20190807185432235800000001-20190807185433716400000002",
            "policy_arn": "arn:aws:iam::aws:policy/AmazonEKSClusterPolicy",
            "role": "test-eks-RUacjNXm20190807185432235800000001"
          },
          "private": "bnVsbA==",
          "depends_on": [
            "aws_iam_role.cluster[0]"
          ]
        }
      ]
    },
    {
      "module": "module.eks",
      "mode": "managed",
      "type": "aws_iam_role_policy_attachment",
      "name": "cluster_AmazonEKSServicePolicy",
      "each": "list",
      "provider": "provider.aws",
      "instances": [
        {
          "index_key": 0,
          "schema_version": 0,
          "attributes": {
            "id": "test-eks-RUacjNXm20190807185432235800000001-20190807185433734900000003",
            "policy_arn": "arn:aws:iam::aws:policy/AmazonEKSServicePolicy",
            "role": "test-eks-RUacjNXm20190807185432235800000001"
          },
          "private": "bnVsbA==",
          "depends_on": [
            "aws_iam_role.cluster[0]"
          ]
        }
      ]
    },
    {
      "module": "module.eks",
      "mode": "managed",
      "type": "aws_iam_role_policy_attachment",
      "name": "workers_AmazonEC2ContainerRegistryReadOnly",
      "each": "list",
      "provider": "provider.aws",
      "instances": [
        {
          "index_key": 0,
          "schema_version": 0,
          "attributes": {
            "id": "test-eks-RUacjNXm20190807190415654300000008-2019080719041729250000000d",
            "policy_arn": "arn:aws:iam::aws:policy/AmazonEC2ContainerRegistryReadOnly",
            "role": "test-eks-RUacjNXm20190807190415654300000008"
          },
          "private": "bnVsbA==",
          "depends_on": [
            "aws_iam_role.workers[0]"
          ]
        }
      ]
    },
    {
      "module": "module.eks",
      "mode": "managed",
      "type": "aws_iam_role_policy_attachment",
      "name": "workers_AmazonEKSWorkerNodePolicy",
      "each": "list",
      "provider": "provider.aws",
      "instances": [
        {
          "index_key": 0,
          "schema_version": 0,
          "attributes": {
            "id": "test-eks-RUacjNXm20190807190415654300000008-2019080719041730170000000f",
            "policy_arn": "arn:aws:iam::aws:policy/AmazonEKSWorkerNodePolicy",
            "role": "test-eks-RUacjNXm20190807190415654300000008"
          },
          "private": "bnVsbA==",
          "depends_on": [
            "aws_iam_role.workers[0]"
          ]
        }
      ]
    },
    {
      "module": "module.eks",
      "mode": "managed",
      "type": "aws_iam_role_policy_attachment",
      "name": "workers_AmazonEKS_CNI_Policy",
      "each": "list",
      "provider": "provider.aws",
      "instances": [
        {
          "index_key": 0,
          "schema_version": 0,
          "attributes": {
            "id": "test-eks-RUacjNXm20190807190415654300000008-2019080719041729280000000e",
            "policy_arn": "arn:aws:iam::aws:policy/AmazonEKS_CNI_Policy",
            "role": "test-eks-RUacjNXm20190807190415654300000008"
          },
          "private": "bnVsbA==",
          "depends_on": [
            "aws_iam_role.workers[0]"
          ]
        }
      ]
    },
    {
      "module": "module.eks",
      "mode": "managed",
      "type": "aws_iam_role_policy_attachment",
      "name": "workers_additional_policies",
      "each": "list",
      "provider": "provider.aws",
      "instances": []
    },
    {
      "module": "module.eks",
      "mode": "managed",
      "type": "aws_iam_role_policy_attachment",
      "name": "workers_autoscaling",
      "each": "list",
      "provider": "provider.aws",
      "instances": [
        {
          "index_key": 0,
          "schema_version": 0,
          "attributes": {
            "id": "test-eks-RUacjNXm20190807190415654300000008-20190807190417725100000010",
            "policy_arn": "arn:aws:iam::068425271656:policy/eks-worker-autoscaling-test-eks-RUacjNXm2019080719041575920000000a",
            "role": "test-eks-RUacjNXm20190807190415654300000008"
          },
          "private": "bnVsbA==",
          "depends_on": [
            "aws_iam_policy.worker_autoscaling[0]",
            "aws_iam_role.workers[0]"
          ]
        }
      ]
    },
    {
      "module": "module.vpc",
      "mode": "managed",
      "type": "aws_internet_gateway",
      "name": "this",
      "each": "list",
      "provider": "provider.aws",
      "instances": [
        {
          "index_key": 0,
          "schema_version": 0,
          "attributes": {
            "id": "igw-099196ea4568d08bf",
            "owner_id": "068425271656",
            "tags": {
              "Name": "test-vpc",
              "kubernetes.io/cluster/test-eks-RUacjNXm": "shared"
            },
            "vpc_id": "vpc-0ee31974ac8596103"
          },
          "private": "bnVsbA=="
        }
      ]
    },
    {
      "module": "module.eks",
      "mode": "managed",
      "type": "aws_launch_configuration",
      "name": "workers",
      "each": "list",
      "provider": "provider.aws",
      "instances": [
        {
          "index_key": 0,
          "schema_version": 0,
          "attributes": {
            "associate_public_ip_address": false,
            "ebs_block_device": [],
            "ebs_optimized": false,
            "enable_monitoring": true,
            "ephemeral_block_device": [],
            "iam_instance_profile": "test-eks-RUacjNXm2019080719041681140000000b",
            "id": "test-eks-RUacjNXm-worker-group-120190807190419027300000012",
            "image_id": "ami-00ac2e6b3cb38a9b9",
            "instance_type": "t2.small",
            "key_name": "",
            "name": "test-eks-RUacjNXm-worker-group-120190807190419027300000012",
            "name_prefix": "test-eks-RUacjNXm-worker-group-1",
            "placement_tenancy": "",
            "root_block_device": [
              {
                "delete_on_termination": true,
                "encrypted": false,
                "iops": 0,
                "volume_size": 100,
                "volume_type": "gp2"
              }
            ],
            "security_groups": [
              "sg-012e88ce79a1bb7b5",
              "sg-015613d7018457ca1",
              "sg-0296e4a4f4cd6bb0d"
            ],
            "spot_price": "",
            "user_data": null,
            "user_data_base64": "IyEvYmluL2Jhc2ggLXhlCgojIEFsbG93IHVzZXIgc3VwcGxpZWQgcHJlIHVzZXJkYXRhIGNvZGUKCgojIEJvb3RzdHJhcCBhbmQgam9pbiB0aGUgY2x1c3RlcgovZXRjL2Vrcy9ib290c3RyYXAuc2ggLS1iNjQtY2x1c3Rlci1jYSAnTFMwdExTMUNSVWRKVGlCRFJWSlVTVVpKUTBGVVJTMHRMUzB0Q2sxSlNVTjVSRU5EUVdKRFowRjNTVUpCWjBsQ1FVUkJUa0puYTNGb2EybEhPWGN3UWtGUmMwWkJSRUZXVFZKTmQwVlJXVVJXVVZGRVJYZHdjbVJYU213S1kyMDFiR1JIVm5wTlFqUllSRlJGTlUxRVozZE9la1UxVFVSSmQwNXNiMWhFVkVrMVRVUm5kMDVFUlRWTlJFbDNUbXh2ZDBaVVJWUk5Ra1ZIUVRGVlJRcEJlRTFMWVROV2FWcFlTblZhV0ZKc1kzcERRMEZUU1hkRVVWbEtTMjlhU1doMlkwNUJVVVZDUWxGQlJHZG5SVkJCUkVORFFWRnZRMmRuUlVKQlMycElDbTVDTTJKS056TjZkREprVEVoQ1lUUXdWMFJqUmtWdFZITldSbWwwWkdVeFRUVXpOWEV2UzNncmNGWnBTWFJxUVVST01YaE1OMjVCYjI1NFFYUnlORTRLV1c5ak9USk9UV2RsU1hGdlNUSTRVRlF3ZFhCSVFrdHNWbUYzWTBkRFdscHFMMUV2UzBVMFRGVk9lVGhyVVU1YWVsSmtZM1pNV2xoSlRYRTNkRUZyYUFwVWFFeDZaMmRGWjBFMGNFNXRVRUZHUjFveGVITXhhMHBuUkdSWFdtTkNkakZJVDBONWRVdFlZbkpCYUVoTFptVmpPVWRRSzNvdlRGUkdRMkZsYmtsaENuWTViVGQxTkhoNFlXdDZLMXB2WmtSeVdHaHZVRmw1VkRabGNVMVFSREZTTUdrd1RIcHplSFF3Vm5OVVVubzVSVUpyTTJaUmMyZFBkalJWWkdaVk5YWUtjRTV3U0hJMlkxTmFhRWhrY1dzMFRUTkRlbE5xZVVkeGFFOXNTVTFoWnpsWFIwMTBiMVJ4YUcxRFlUVndlV3RJU2xkSVlrNVROSGxaVEVGeGNrUjBkUXAyUmxadFYzSnJZemx3ZVZFeldWbE9NV0V3UTBGM1JVRkJZVTFxVFVORmQwUm5XVVJXVWpCUVFWRklMMEpCVVVSQlowdHJUVUU0UjBFeFZXUkZkMFZDQ2k5M1VVWk5RVTFDUVdZNGQwUlJXVXBMYjFwSmFIWmpUa0ZSUlV4Q1VVRkVaMmRGUWtGRWVGRmlibEp0VHpOc1EzUm5SRWx3UmpnNFFuTmFXa0ZQV0UwS2RUSjFRVlZYZFVocFFVa3dia0pZWlRselYzVldUbWgyTlRKS1VVeEVOR0phYmtST2VVTTNiVzVzTDAxalFXRnpVVW96UjFneU5uaEVPV2xuU2xaSFNncFVNMHBxWTI1WU9UbGxhazlwWkZGbGJHczBaVEIxUTNkT1kwSXhNR1ZMUm1SblZYZEJNbTlpU3paV2RqQjJlVUowZFZGb1JEVnVNU3RZVlZKak5YZFpDakJJVTBSNEsxRXZOelJMWkZKak5IZHRRWE55VDJWc00yeEpTSGRXU0UxcU1GUkdlSEpsS3pGdFMzVm9aRmxVU25KUWNuTlFWVlJMV2k4M1FtaFJNalVLUjIxWVdVUjRiMlFyWWpWTFUyVjRUR0pQUTA5M00yOHZZamhVWTNsbmJHZDNWVnB0ZERrNFFUTkNSak4xUkdVMVJpOHJZbkpVZVM4eWJtdGhaWHBsZWdwMFZ6QXZiMWxOWlZkTmNsUTNNSFV4TjA5dk0ySnNNRk5TYm5sUE5XSktVRlFyTTA5RllsWndNbkJsYlRneU4xQnFhMUowVFhWUFdYUkNVVDBLTFMwdExTMUZUa1FnUTBWU1ZFbEdTVU5CVkVVdExTMHRMUW89JyAtLWFwaXNlcnZlci1lbmRwb2ludCAnaHR0cHM6Ly9FOURERjBEMDNENEFBMTY4ODk3RkM5NTlBNkVGMjM5MS5zazEuZXUtd2VzdC0xLmVrcy5hbWF6b25hd3MuY29tJyAgLS1rdWJlbGV0LWV4dHJhLWFyZ3MgJycgJ3Rlc3QtZWtzLVJVYWNqTlhtJwoKIyBBbGxvdyB1c2VyIHN1cHBsaWVkIHVzZXJkYXRhIGNvZGUKZWNobyBmb28gYmFyCg==",
            "vpc_classic_link_id": "",
            "vpc_classic_link_security_groups": null
          },
          "private": "bnVsbA==",
          "depends_on": [
            "aws_eks_cluster.this",
            "aws_iam_instance_profile.workers",
            "data.aws_iam_instance_profile.custom_worker_group_iam_instance_profile",
            "data.template_file.userdata"
          ]
        },
        {
          "index_key": 1,
          "schema_version": 0,
          "attributes": {
            "associate_public_ip_address": false,
            "ebs_block_device": [],
            "ebs_optimized": false,
            "enable_monitoring": true,
            "ephemeral_block_device": [],
            "iam_instance_profile": "test-eks-RUacjNXm2019080719041683350000000c",
            "id": "test-eks-RUacjNXm-worker-group-220190807190418992300000011",
            "image_id": "ami-00ac2e6b3cb38a9b9",
            "instance_type": "t2.medium",
            "key_name": "",
            "name": "test-eks-RUacjNXm-worker-group-220190807190418992300000011",
            "name_prefix": "test-eks-RUacjNXm-worker-group-2",
            "placement_tenancy": "",
            "root_block_device": [
              {
                "delete_on_termination": true,
                "encrypted": false,
                "iops": 0,
                "volume_size": 100,
                "volume_type": "gp2"
              }
            ],
            "security_groups": [
              "sg-015613d7018457ca1",
              "sg-0296e4a4f4cd6bb0d",
              "sg-05bcbf9dea974472c"
            ],
            "spot_price": "",
            "user_data": null,
            "user_data_base64": "IyEvYmluL2Jhc2ggLXhlCgojIEFsbG93IHVzZXIgc3VwcGxpZWQgcHJlIHVzZXJkYXRhIGNvZGUKCgojIEJvb3RzdHJhcCBhbmQgam9pbiB0aGUgY2x1c3RlcgovZXRjL2Vrcy9ib290c3RyYXAuc2ggLS1iNjQtY2x1c3Rlci1jYSAnTFMwdExTMUNSVWRKVGlCRFJWSlVTVVpKUTBGVVJTMHRMUzB0Q2sxSlNVTjVSRU5EUVdKRFowRjNTVUpCWjBsQ1FVUkJUa0puYTNGb2EybEhPWGN3UWtGUmMwWkJSRUZXVFZKTmQwVlJXVVJXVVZGRVJYZHdjbVJYU213S1kyMDFiR1JIVm5wTlFqUllSRlJGTlUxRVozZE9la1UxVFVSSmQwNXNiMWhFVkVrMVRVUm5kMDVFUlRWTlJFbDNUbXh2ZDBaVVJWUk5Ra1ZIUVRGVlJRcEJlRTFMWVROV2FWcFlTblZhV0ZKc1kzcERRMEZUU1hkRVVWbEtTMjlhU1doMlkwNUJVVVZDUWxGQlJHZG5SVkJCUkVORFFWRnZRMmRuUlVKQlMycElDbTVDTTJKS056TjZkREprVEVoQ1lUUXdWMFJqUmtWdFZITldSbWwwWkdVeFRUVXpOWEV2UzNncmNGWnBTWFJxUVVST01YaE1OMjVCYjI1NFFYUnlORTRLV1c5ak9USk9UV2RsU1hGdlNUSTRVRlF3ZFhCSVFrdHNWbUYzWTBkRFdscHFMMUV2UzBVMFRGVk9lVGhyVVU1YWVsSmtZM1pNV2xoSlRYRTNkRUZyYUFwVWFFeDZaMmRGWjBFMGNFNXRVRUZHUjFveGVITXhhMHBuUkdSWFdtTkNkakZJVDBONWRVdFlZbkpCYUVoTFptVmpPVWRRSzNvdlRGUkdRMkZsYmtsaENuWTViVGQxTkhoNFlXdDZLMXB2WmtSeVdHaHZVRmw1VkRabGNVMVFSREZTTUdrd1RIcHplSFF3Vm5OVVVubzVSVUpyTTJaUmMyZFBkalJWWkdaVk5YWUtjRTV3U0hJMlkxTmFhRWhrY1dzMFRUTkRlbE5xZVVkeGFFOXNTVTFoWnpsWFIwMTBiMVJ4YUcxRFlUVndlV3RJU2xkSVlrNVROSGxaVEVGeGNrUjBkUXAyUmxadFYzSnJZemx3ZVZFeldWbE9NV0V3UTBGM1JVRkJZVTFxVFVORmQwUm5XVVJXVWpCUVFWRklMMEpCVVVSQlowdHJUVUU0UjBFeFZXUkZkMFZDQ2k5M1VVWk5RVTFDUVdZNGQwUlJXVXBMYjFwSmFIWmpUa0ZSUlV4Q1VVRkVaMmRGUWtGRWVGRmlibEp0VHpOc1EzUm5SRWx3UmpnNFFuTmFXa0ZQV0UwS2RUSjFRVlZYZFVocFFVa3dia0pZWlRselYzVldUbWgyTlRKS1VVeEVOR0phYmtST2VVTTNiVzVzTDAxalFXRnpVVW96UjFneU5uaEVPV2xuU2xaSFNncFVNMHBxWTI1WU9UbGxhazlwWkZGbGJHczBaVEIxUTNkT1kwSXhNR1ZMUm1SblZYZEJNbTlpU3paV2RqQjJlVUowZFZGb1JEVnVNU3RZVlZKak5YZFpDakJJVTBSNEsxRXZOelJMWkZKak5IZHRRWE55VDJWc00yeEpTSGRXU0UxcU1GUkdlSEpsS3pGdFMzVm9aRmxVU25KUWNuTlFWVlJMV2k4M1FtaFJNalVLUjIxWVdVUjRiMlFyWWpWTFUyVjRUR0pQUTA5M00yOHZZamhVWTNsbmJHZDNWVnB0ZERrNFFUTkNSak4xUkdVMVJpOHJZbkpVZVM4eWJtdGhaWHBsZWdwMFZ6QXZiMWxOWlZkTmNsUTNNSFV4TjA5dk0ySnNNRk5TYm5sUE5XSktVRlFyTTA5RllsWndNbkJsYlRneU4xQnFhMUowVFhWUFdYUkNVVDBLTFMwdExTMUZUa1FnUTBWU1ZFbEdTVU5CVkVVdExTMHRMUW89JyAtLWFwaXNlcnZlci1lbmRwb2ludCAnaHR0cHM6Ly9FOURERjBEMDNENEFBMTY4ODk3RkM5NTlBNkVGMjM5MS5zazEuZXUtd2VzdC0xLmVrcy5hbWF6b25hd3MuY29tJyAgLS1rdWJlbGV0LWV4dHJhLWFyZ3MgJycgJ3Rlc3QtZWtzLVJVYWNqTlhtJwoKIyBBbGxvdyB1c2VyIHN1cHBsaWVkIHVzZXJkYXRhIGNvZGUKZWNobyBmb28gYmFyCg==",
            "vpc_classic_link_id": "",
            "vpc_classic_link_security_groups": null
          },
          "private": "bnVsbA==",
          "depends_on": [
            "aws_eks_cluster.this",
            "aws_iam_instance_profile.workers",
            "data.aws_iam_instance_profile.custom_worker_group_iam_instance_profile",
            "data.template_file.userdata"
          ]
        }
      ]
    },
    {
      "module": "module.eks",
      "mode": "managed",
      "type": "aws_launch_template",
      "name": "workers_launch_template",
      "each": "list",
      "provider": "provider.aws",
      "instances": []
    },
    {
      "module": "module.eks",
      "mode": "managed",
      "type": "aws_launch_template",
      "name": "workers_launch_template_mixed",
      "each": "list",
      "provider": "provider.aws",
      "instances": []
    },
    {
      "module": "module.vpc",
      "mode": "managed",
      "type": "aws_nat_gateway",
      "name": "this",
      "each": "list",
      "provider": "provider.aws",
      "instances": [
        {
          "index_key": 0,
          "schema_version": 0,
          "attributes": {
            "allocation_id": "eipalloc-02762977c80931155",
            "id": "nat-023f81ca588f1bc1e",
            "network_interface_id": "eni-05adc54e319f2513e",
            "private_ip": "10.0.4.126",
            "public_ip": "52.215.195.175",
            "subnet_id": "subnet-0452851b249504289",
            "tags": {
              "Name": "test-vpc-eu-west-1a",
              "kubernetes.io/cluster/test-eks-RUacjNXm": "shared"
            }
          },
          "private": "bnVsbA==",
          "depends_on": [
            "aws_internet_gateway.this",
            "aws_subnet.public"
          ]
        }
      ]
    },
    {
      "module": "module.vpc",
      "mode": "managed",
      "type": "aws_network_acl",
      "name": "database",
      "each": "list",
      "provider": "provider.aws",
      "instances": []
    },
    {
      "module": "module.vpc",
      "mode": "managed",
      "type": "aws_network_acl",
      "name": "elasticache",
      "each": "list",
      "provider": "provider.aws",
      "instances": []
    },
    {
      "module": "module.vpc",
      "mode": "managed",
      "type": "aws_network_acl",
      "name": "intra",
      "each": "list",
      "provider": "provider.aws",
      "instances": []
    },
    {
      "module": "module.vpc",
      "mode": "managed",
      "type": "aws_network_acl",
      "name": "private",
      "each": "list",
      "provider": "provider.aws",
      "instances": []
    },
    {
      "module": "module.vpc",
      "mode": "managed",
      "type": "aws_network_acl",
      "name": "public",
      "each": "list",
      "provider": "provider.aws",
      "instances": []
    },
    {
      "module": "module.vpc",
      "mode": "managed",
      "type": "aws_network_acl",
      "name": "redshift",
      "each": "list",
      "provider": "provider.aws",
      "instances": []
    },
    {
      "module": "module.vpc",
      "mode": "managed",
      "type": "aws_network_acl_rule",
      "name": "database_inbound",
      "each": "list",
      "provider": "provider.aws",
      "instances": []
    },
    {
      "module": "module.vpc",
      "mode": "managed",
      "type": "aws_network_acl_rule",
      "name": "database_outbound",
      "each": "list",
      "provider": "provider.aws",
      "instances": []
    },
    {
      "module": "module.vpc",
      "mode": "managed",
      "type": "aws_network_acl_rule",
      "name": "elasticache_inbound",
      "each": "list",
      "provider": "provider.aws",
      "instances": []
    },
    {
      "module": "module.vpc",
      "mode": "managed",
      "type": "aws_network_acl_rule",
      "name": "elasticache_outbound",
      "each": "list",
      "provider": "provider.aws",
      "instances": []
    },
    {
      "module": "module.vpc",
      "mode": "managed",
      "type": "aws_network_acl_rule",
      "name": "intra_inbound",
      "each": "list",
      "provider": "provider.aws",
      "instances": []
    },
    {
      "module": "module.vpc",
      "mode": "managed",
      "type": "aws_network_acl_rule",
      "name": "intra_outbound",
      "each": "list",
      "provider": "provider.aws",
      "instances": []
    },
    {
      "module": "module.vpc",
      "mode": "managed",
      "type": "aws_network_acl_rule",
      "name": "private_inbound",
      "each": "list",
      "provider": "provider.aws",
      "instances": []
    },
    {
      "module": "module.vpc",
      "mode": "managed",
      "type": "aws_network_acl_rule",
      "name": "private_outbound",
      "each": "list",
      "provider": "provider.aws",
      "instances": []
    },
    {
      "module": "module.vpc",
      "mode": "managed",
      "type": "aws_network_acl_rule",
      "name": "public_inbound",
      "each": "list",
      "provider": "provider.aws",
      "instances": []
    },
    {
      "module": "module.vpc",
      "mode": "managed",
      "type": "aws_network_acl_rule",
      "name": "public_outbound",
      "each": "list",
      "provider": "provider.aws",
      "instances": []
    },
    {
      "module": "module.vpc",
      "mode": "managed",
      "type": "aws_network_acl_rule",
      "name": "redshift_inbound",
      "each": "list",
      "provider": "provider.aws",
      "instances": []
    },
    {
      "module": "module.vpc",
      "mode": "managed",
      "type": "aws_network_acl_rule",
      "name": "redshift_outbound",
      "each": "list",
      "provider": "provider.aws",
      "instances": []
    },
    {
      "module": "module.vpc",
      "mode": "managed",
      "type": "aws_redshift_subnet_group",
      "name": "redshift",
      "each": "list",
      "provider": "provider.aws",
      "instances": []
    },
    {
      "module": "module.vpc",
      "mode": "managed",
      "type": "aws_route",
      "name": "database_internet_gateway",
      "each": "list",
      "provider": "provider.aws",
      "instances": []
    },
    {
      "module": "module.vpc",
      "mode": "managed",
      "type": "aws_route",
      "name": "database_nat_gateway",
      "each": "list",
      "provider": "provider.aws",
      "instances": []
    },
    {
      "module": "module.vpc",
      "mode": "managed",
      "type": "aws_route",
      "name": "private_nat_gateway",
      "each": "list",
      "provider": "provider.aws",
      "instances": [
        {
          "index_key": 0,
          "schema_version": 0,
          "attributes": {
            "destination_cidr_block": "0.0.0.0/0",
            "destination_ipv6_cidr_block": null,
            "destination_prefix_list_id": "",
            "egress_only_gateway_id": "",
            "gateway_id": "",
            "id": "r-rtb-0c0349f8373e4bf1f1080289494",
            "instance_id": "",
            "instance_owner_id": "",
            "nat_gateway_id": "nat-023f81ca588f1bc1e",
            "network_interface_id": "",
            "origin": "CreateRoute",
            "route_table_id": "rtb-0c0349f8373e4bf1f",
            "state": "active",
            "timeouts": {
              "create": "5m",
              "delete": null
            },
            "transit_gateway_id": "",
            "vpc_peering_connection_id": ""
          },
          "private": "eyJlMmJmYjczMC1lY2FhLTExZTYtOGY4OC0zNDM2M2JjN2M0YzAiOnsiY3JlYXRlIjozMDAwMDAwMDAwMDAsImRlbGV0ZSI6MzAwMDAwMDAwMDAwfX0=",
          "depends_on": [
            "aws_nat_gateway.this",
            "aws_route_table.private"
          ]
        }
      ]
    },
    {
      "module": "module.vpc",
      "mode": "managed",
      "type": "aws_route",
      "name": "public_internet_gateway",
      "each": "list",
      "provider": "provider.aws",
      "instances": [
        {
          "index_key": 0,
          "schema_version": 0,
          "attributes": {
            "destination_cidr_block": "0.0.0.0/0",
            "destination_ipv6_cidr_block": null,
            "destination_prefix_list_id": "",
            "egress_only_gateway_id": "",
            "gateway_id": "igw-099196ea4568d08bf",
            "id": "r-rtb-01351a9df8bbba4371080289494",
            "instance_id": "",
            "instance_owner_id": "",
            "nat_gateway_id": "",
            "network_interface_id": "",
            "origin": "CreateRoute",
            "route_table_id": "rtb-01351a9df8bbba437",
            "state": "active",
            "timeouts": {
              "create": "5m",
              "delete": null
            },
            "transit_gateway_id": "",
            "vpc_peering_connection_id": ""
          },
          "private": "eyJlMmJmYjczMC1lY2FhLTExZTYtOGY4OC0zNDM2M2JjN2M0YzAiOnsiY3JlYXRlIjozMDAwMDAwMDAwMDAsImRlbGV0ZSI6MzAwMDAwMDAwMDAwfX0=",
          "depends_on": [
            "aws_internet_gateway.this[0]",
            "aws_route_table.public[0]"
          ]
        }
      ]
    },
    {
      "module": "module.vpc",
      "mode": "managed",
      "type": "aws_route_table",
      "name": "database",
      "each": "list",
      "provider": "provider.aws",
      "instances": []
    },
    {
      "module": "module.vpc",
      "mode": "managed",
      "type": "aws_route_table",
      "name": "elasticache",
      "each": "list",
      "provider": "provider.aws",
      "instances": []
    },
    {
      "module": "module.vpc",
      "mode": "managed",
      "type": "aws_route_table",
      "name": "intra",
      "each": "list",
      "provider": "provider.aws",
      "instances": []
    },
    {
      "module": "module.vpc",
      "mode": "managed",
      "type": "aws_route_table",
      "name": "private",
      "each": "list",
      "provider": "provider.aws",
      "instances": [
        {
          "index_key": 0,
          "schema_version": 0,
          "attributes": {
            "id": "rtb-0c0349f8373e4bf1f",
            "owner_id": "068425271656",
            "propagating_vgws": [],
            "route": [],
            "tags": {
              "Name": "test-vpc-private",
              "kubernetes.io/cluster/test-eks-RUacjNXm": "shared"
            },
            "vpc_id": "vpc-0ee31974ac8596103"
          },
          "private": "bnVsbA=="
        }
      ]
    },
    {
      "module": "module.vpc",
      "mode": "managed",
      "type": "aws_route_table",
      "name": "public",
      "each": "list",
      "provider": "provider.aws",
      "instances": [
        {
          "index_key": 0,
          "schema_version": 0,
          "attributes": {
            "id": "rtb-01351a9df8bbba437",
            "owner_id": "068425271656",
            "propagating_vgws": [],
            "route": [],
            "tags": {
              "Name": "test-vpc-public",
              "kubernetes.io/cluster/test-eks-RUacjNXm": "shared"
            },
            "vpc_id": "vpc-0ee31974ac8596103"
          },
          "private": "bnVsbA=="
        }
      ]
    },
    {
      "module": "module.vpc",
      "mode": "managed",
      "type": "aws_route_table",
      "name": "redshift",
      "each": "list",
      "provider": "provider.aws",
      "instances": []
    },
    {
      "module": "module.vpc",
      "mode": "managed",
      "type": "aws_route_table_association",
      "name": "database",
      "each": "list",
      "provider": "provider.aws",
      "instances": []
    },
    {
      "module": "module.vpc",
      "mode": "managed",
      "type": "aws_route_table_association",
      "name": "elasticache",
      "each": "list",
      "provider": "provider.aws",
      "instances": []
    },
    {
      "module": "module.vpc",
      "mode": "managed",
      "type": "aws_route_table_association",
      "name": "intra",
      "each": "list",
      "provider": "provider.aws",
      "instances": []
    },
    {
      "module": "module.vpc",
      "mode": "managed",
      "type": "aws_route_table_association",
      "name": "private",
      "each": "list",
      "provider": "provider.aws",
      "instances": [
        {
          "index_key": 0,
          "schema_version": 0,
          "attributes": {
            "id": "rtbassoc-03d8ed232115ede40",
            "route_table_id": "rtb-0c0349f8373e4bf1f",
            "subnet_id": "subnet-04df405995cb85f33"
          },
          "private": "bnVsbA==",
          "depends_on": [
            "aws_route_table.private",
            "aws_subnet.private"
          ]
        },
        {
          "index_key": 1,
          "schema_version": 0,
          "attributes": {
            "id": "rtbassoc-0b9b962b0b006ffc0",
            "route_table_id": "rtb-0c0349f8373e4bf1f",
            "subnet_id": "subnet-095bd0713ea1d1b4a"
          },
          "private": "bnVsbA==",
          "depends_on": [
            "aws_route_table.private",
            "aws_subnet.private"
          ]
        },
        {
          "index_key": 2,
          "schema_version": 0,
          "attributes": {
            "id": "rtbassoc-071823b05ec8e4e98",
            "route_table_id": "rtb-0c0349f8373e4bf1f",
            "subnet_id": "subnet-0325b6db447ec90fc"
          },
          "private": "bnVsbA==",
          "depends_on": [
            "aws_route_table.private",
            "aws_subnet.private"
          ]
        }
      ]
    },
    {
      "module": "module.vpc",
      "mode": "managed",
      "type": "aws_route_table_association",
      "name": "public",
      "each": "list",
      "provider": "provider.aws",
      "instances": [
        {
          "index_key": 0,
          "schema_version": 0,
          "attributes": {
            "id": "rtbassoc-093f63e17d6fcc61d",
            "route_table_id": "rtb-01351a9df8bbba437",
            "subnet_id": "subnet-0452851b249504289"
          },
          "private": "bnVsbA==",
          "depends_on": [
            "aws_route_table.public[0]",
            "aws_subnet.public"
          ]
        },
        {
          "index_key": 1,
          "schema_version": 0,
          "attributes": {
            "id": "rtbassoc-09eda4975d0128c02",
            "route_table_id": "rtb-01351a9df8bbba437",
            "subnet_id": "subnet-048177bb3f8aa8e76"
          },
          "private": "bnVsbA==",
          "depends_on": [
            "aws_route_table.public[0]",
            "aws_subnet.public"
          ]
        },
        {
          "index_key": 2,
          "schema_version": 0,
          "attributes": {
            "id": "rtbassoc-05437ebf61d3640ba",
            "route_table_id": "rtb-01351a9df8bbba437",
            "subnet_id": "subnet-0b347a43c543791ec"
          },
          "private": "bnVsbA==",
          "depends_on": [
            "aws_route_table.public[0]",
            "aws_subnet.public"
          ]
        }
      ]
    },
    {
      "module": "module.vpc",
      "mode": "managed",
      "type": "aws_route_table_association",
      "name": "redshift",
      "each": "list",
      "provider": "provider.aws",
      "instances": []
    },
    {
      "module": "module.vpc",
      "mode": "managed",
      "type": "aws_route_table_association",
      "name": "redshift_public",
      "each": "list",
      "provider": "provider.aws",
      "instances": []
    },
    {
      "mode": "managed",
      "type": "aws_security_group",
      "name": "all_worker_mgmt",
      "provider": "provider.aws",
      "instances": [
        {
          "schema_version": 1,
          "attributes": {
            "arn": "arn:aws:ec2:eu-west-1:068425271656:security-group/sg-015613d7018457ca1",
            "description": "Managed by Terraform",
            "egress": [],
            "id": "sg-015613d7018457ca1",
            "ingress": [
              {
                "cidr_blocks": [
                  "10.0.0.0/8",
                  "172.16.0.0/12",
                  "192.168.0.0/16"
                ],
                "description": "",
                "from_port": 22,
                "ipv6_cidr_blocks": [],
                "prefix_list_ids": [],
                "protocol": "tcp",
                "security_groups": [],
                "self": false,
                "to_port": 22
              }
            ],
            "name": "all_worker_management20190807185437104700000005",
            "name_prefix": "all_worker_management",
            "owner_id": "068425271656",
            "revoke_rules_on_delete": false,
            "tags": null,
            "timeouts": null,
            "vpc_id": "vpc-0ee31974ac8596103"
          },
          "private": "eyJlMmJmYjczMC1lY2FhLTExZTYtOGY4OC0zNDM2M2JjN2M0YzAiOnsiY3JlYXRlIjo2MDAwMDAwMDAwMDAsImRlbGV0ZSI6NjAwMDAwMDAwMDAwfSwic2NoZW1hX3ZlcnNpb24iOiIxIn0=",
          "depends_on": [
            "module.vpc"
          ]
        }
      ]
    },
    {
      "module": "module.eks",
      "mode": "managed",
      "type": "aws_security_group",
      "name": "cluster",
      "each": "list",
      "provider": "provider.aws",
      "instances": [
        {
          "index_key": 0,
          "schema_version": 1,
          "attributes": {
            "arn": "arn:aws:ec2:eu-west-1:068425271656:security-group/sg-04492345cece8e60b",
            "description": "EKS cluster security group.",
            "egress": [],
            "id": "sg-04492345cece8e60b",
            "ingress": [],
            "name": "test-eks-RUacjNXm20190807185435972800000004",
            "name_prefix": "test-eks-RUacjNXm",
            "owner_id": "068425271656",
            "revoke_rules_on_delete": false,
            "tags": {
              "Environment": "test",
              "GithubOrg": "terraform-aws-modules",
              "GithubRepo": "terraform-aws-eks",
              "Name": "test-eks-RUacjNXm-eks_cluster_sg"
            },
            "timeouts": null,
            "vpc_id": "vpc-0ee31974ac8596103"
          },
          "private": "eyJlMmJmYjczMC1lY2FhLTExZTYtOGY4OC0zNDM2M2JjN2M0YzAiOnsiY3JlYXRlIjo2MDAwMDAwMDAwMDAsImRlbGV0ZSI6NjAwMDAwMDAwMDAwfSwic2NoZW1hX3ZlcnNpb24iOiIxIn0="
        }
      ]
    },
    {
      "mode": "managed",
      "type": "aws_security_group",
      "name": "worker_group_mgmt_one",
      "provider": "provider.aws",
      "instances": [
        {
          "schema_version": 1,
          "attributes": {
            "arn": "arn:aws:ec2:eu-west-1:068425271656:security-group/sg-012e88ce79a1bb7b5",
            "description": "Managed by Terraform",
            "egress": [],
            "id": "sg-012e88ce79a1bb7b5",
            "ingress": [
              {
                "cidr_blocks": [
                  "10.0.0.0/8"
                ],
                "description": "",
                "from_port": 22,
                "ipv6_cidr_blocks": [],
                "prefix_list_ids": [],
                "protocol": "tcp",
                "security_groups": [],
                "self": false,
                "to_port": 22
              }
            ],
            "name": "worker_group_mgmt_one20190807185437230100000007",
            "name_prefix": "worker_group_mgmt_one",
            "owner_id": "068425271656",
            "revoke_rules_on_delete": false,
            "tags": null,
            "timeouts": null,
            "vpc_id": "vpc-0ee31974ac8596103"
          },
          "private": "eyJlMmJmYjczMC1lY2FhLTExZTYtOGY4OC0zNDM2M2JjN2M0YzAiOnsiY3JlYXRlIjo2MDAwMDAwMDAwMDAsImRlbGV0ZSI6NjAwMDAwMDAwMDAwfSwic2NoZW1hX3ZlcnNpb24iOiIxIn0=",
          "depends_on": [
            "module.vpc"
          ]
        }
      ]
    },
    {
      "mode": "managed",
      "type": "aws_security_group",
      "name": "worker_group_mgmt_two",
      "provider": "provider.aws",
      "instances": [
        {
          "schema_version": 1,
          "attributes": {
            "arn": "arn:aws:ec2:eu-west-1:068425271656:security-group/sg-05bcbf9dea974472c",
            "description": "Managed by Terraform",
            "egress": [],
            "id": "sg-05bcbf9dea974472c",
            "ingress": [
              {
                "cidr_blocks": [
                  "192.168.0.0/16"
                ],
                "description": "",
                "from_port": 22,
                "ipv6_cidr_blocks": [],
                "prefix_list_ids": [],
                "protocol": "tcp",
                "security_groups": [],
                "self": false,
                "to_port": 22
              }
            ],
            "name": "worker_group_mgmt_two20190807185437104700000006",
            "name_prefix": "worker_group_mgmt_two",
            "owner_id": "068425271656",
            "revoke_rules_on_delete": false,
            "tags": null,
            "timeouts": null,
            "vpc_id": "vpc-0ee31974ac8596103"
          },
          "private": "eyJlMmJmYjczMC1lY2FhLTExZTYtOGY4OC0zNDM2M2JjN2M0YzAiOnsiY3JlYXRlIjo2MDAwMDAwMDAwMDAsImRlbGV0ZSI6NjAwMDAwMDAwMDAwfSwic2NoZW1hX3ZlcnNpb24iOiIxIn0=",
          "depends_on": [
            "module.vpc"
          ]
        }
      ]
    },
    {
      "module": "module.eks",
      "mode": "managed",
      "type": "aws_security_group",
      "name": "workers",
      "each": "list",
      "provider": "provider.aws",
      "instances": [
        {
          "index_key": 0,
          "schema_version": 1,
          "attributes": {
            "arn": "arn:aws:ec2:eu-west-1:068425271656:security-group/sg-0296e4a4f4cd6bb0d",
            "description": "Security group for all nodes in the cluster.",
            "egress": [],
            "id": "sg-0296e4a4f4cd6bb0d",
            "ingress": [],
            "name": "test-eks-RUacjNXm20190807190415700100000009",
            "name_prefix": "test-eks-RUacjNXm",
            "owner_id": "068425271656",
            "revoke_rules_on_delete": false,
            "tags": {
              "Environment": "test",
              "GithubOrg": "terraform-aws-modules",
              "GithubRepo": "terraform-aws-eks",
              "Name": "test-eks-RUacjNXm-eks_worker_sg",
              "kubernetes.io/cluster/test-eks-RUacjNXm": "owned"
            },
            "timeouts": null,
            "vpc_id": "vpc-0ee31974ac8596103"
          },
          "private": "eyJlMmJmYjczMC1lY2FhLTExZTYtOGY4OC0zNDM2M2JjN2M0YzAiOnsiY3JlYXRlIjo2MDAwMDAwMDAwMDAsImRlbGV0ZSI6NjAwMDAwMDAwMDAwfSwic2NoZW1hX3ZlcnNpb24iOiIxIn0=",
          "depends_on": [
            "aws_eks_cluster.this"
          ]
        }
      ]
    },
    {
      "module": "module.eks",
      "mode": "managed",
      "type": "aws_security_group_rule",
      "name": "cluster_egress_internet",
      "each": "list",
      "provider": "provider.aws",
      "instances": [
        {
          "index_key": 0,
          "schema_version": 2,
          "attributes": {
            "cidr_blocks": [
              "0.0.0.0/0"
            ],
            "description": "Allow cluster egress access to the Internet.",
            "from_port": 0,
            "id": "sgrule-319279402",
            "ipv6_cidr_blocks": null,
            "prefix_list_ids": null,
            "protocol": "-1",
            "security_group_id": "sg-04492345cece8e60b",
            "self": false,
            "source_security_group_id": null,
            "to_port": 0,
            "type": "egress"
          },
          "private": "eyJzY2hlbWFfdmVyc2lvbiI6IjIifQ==",
          "depends_on": [
            "aws_security_group.cluster[0]"
          ]
        }
      ]
    },
    {
      "module": "module.eks",
      "mode": "managed",
      "type": "aws_security_group_rule",
      "name": "cluster_https_worker_ingress",
      "each": "list",
      "provider": "provider.aws",
      "instances": [
        {
          "index_key": 0,
          "schema_version": 2,
          "attributes": {
            "cidr_blocks": null,
            "description": "Allow pods to communicate with the EKS cluster API.",
            "from_port": 443,
            "id": "sgrule-1986525981",
            "ipv6_cidr_blocks": null,
            "prefix_list_ids": null,
            "protocol": "tcp",
            "security_group_id": "sg-04492345cece8e60b",
            "self": false,
            "source_security_group_id": "sg-0296e4a4f4cd6bb0d",
            "to_port": 443,
            "type": "ingress"
          },
          "private": "eyJzY2hlbWFfdmVyc2lvbiI6IjIifQ==",
          "depends_on": [
            "aws_security_group.cluster[0]"
          ]
        }
      ]
    },
    {
      "module": "module.eks",
      "mode": "managed",
      "type": "aws_security_group_rule",
      "name": "workers_egress_internet",
      "each": "list",
      "provider": "provider.aws",
      "instances": [
        {
          "index_key": 0,
          "schema_version": 2,
          "attributes": {
            "cidr_blocks": [
              "0.0.0.0/0"
            ],
            "description": "Allow nodes all egress to the Internet.",
            "from_port": 0,
            "id": "sgrule-1325929853",
            "ipv6_cidr_blocks": null,
            "prefix_list_ids": null,
            "protocol": "-1",
            "security_group_id": "sg-0296e4a4f4cd6bb0d",
            "self": false,
            "source_security_group_id": null,
            "to_port": 0,
            "type": "egress"
          },
          "private": "eyJzY2hlbWFfdmVyc2lvbiI6IjIifQ==",
          "depends_on": [
            "aws_security_group.workers[0]"
          ]
        }
      ]
    },
    {
      "module": "module.eks",
      "mode": "managed",
      "type": "aws_security_group_rule",
      "name": "workers_ingress_cluster",
      "each": "list",
      "provider": "provider.aws",
      "instances": [
        {
          "index_key": 0,
          "schema_version": 2,
          "attributes": {
            "cidr_blocks": null,
            "description": "Allow workers pods to receive communication from the cluster control plane.",
            "from_port": 1025,
            "id": "sgrule-3054549120",
            "ipv6_cidr_blocks": null,
            "prefix_list_ids": null,
            "protocol": "tcp",
            "security_group_id": "sg-0296e4a4f4cd6bb0d",
            "self": false,
            "source_security_group_id": "sg-04492345cece8e60b",
            "to_port": 65535,
            "type": "ingress"
          },
          "private": "eyJzY2hlbWFfdmVyc2lvbiI6IjIifQ==",
          "depends_on": [
            "aws_security_group.workers[0]"
          ]
        }
      ]
    },
    {
      "module": "module.eks",
      "mode": "managed",
      "type": "aws_security_group_rule",
      "name": "workers_ingress_cluster_https",
      "each": "list",
      "provider": "provider.aws",
      "instances": [
        {
          "index_key": 0,
          "schema_version": 2,
          "attributes": {
            "cidr_blocks": null,
            "description": "Allow pods running extension API servers on port 443 to receive communication from cluster control plane.",
            "from_port": 443,
            "id": "sgrule-1690444264",
            "ipv6_cidr_blocks": null,
            "prefix_list_ids": null,
            "protocol": "tcp",
            "security_group_id": "sg-0296e4a4f4cd6bb0d",
            "self": false,
            "source_security_group_id": "sg-04492345cece8e60b",
            "to_port": 443,
            "type": "ingress"
          },
          "private": "eyJzY2hlbWFfdmVyc2lvbiI6IjIifQ==",
          "depends_on": [
            "aws_security_group.workers[0]"
          ]
        }
      ]
    },
    {
      "module": "module.eks",
      "mode": "managed",
      "type": "aws_security_group_rule",
      "name": "workers_ingress_cluster_kubelet",
      "each": "list",
      "provider": "provider.aws",
      "instances": []
    },
    {
      "module": "module.eks",
      "mode": "managed",
      "type": "aws_security_group_rule",
      "name": "workers_ingress_self",
      "each": "list",
      "provider": "provider.aws",
      "instances": [
        {
          "index_key": 0,
          "schema_version": 2,
          "attributes": {
            "cidr_blocks": null,
            "description": "Allow node to communicate with each other.",
            "from_port": 0,
            "id": "sgrule-2102125834",
            "ipv6_cidr_blocks": null,
            "prefix_list_ids": null,
            "protocol": "-1",
            "security_group_id": "sg-0296e4a4f4cd6bb0d",
            "self": false,
            "source_security_group_id": "sg-0296e4a4f4cd6bb0d",
            "to_port": 65535,
            "type": "ingress"
          },
          "private": "eyJzY2hlbWFfdmVyc2lvbiI6IjIifQ==",
          "depends_on": [
            "aws_security_group.workers[0]"
          ]
        }
      ]
    },
    {
      "module": "module.vpc",
      "mode": "managed",
      "type": "aws_subnet",
      "name": "database",
      "each": "list",
      "provider": "provider.aws",
      "instances": []
    },
    {
      "module": "module.vpc",
      "mode": "managed",
      "type": "aws_subnet",
      "name": "elasticache",
      "each": "list",
      "provider": "provider.aws",
      "instances": []
    },
    {
      "module": "module.vpc",
      "mode": "managed",
      "type": "aws_subnet",
      "name": "intra",
      "each": "list",
      "provider": "provider.aws",
      "instances": []
    },
    {
      "module": "module.vpc",
      "mode": "managed",
      "type": "aws_subnet",
      "name": "private",
      "each": "list",
      "provider": "provider.aws",
      "instances": [
        {
          "index_key": 0,
          "schema_version": 1,
          "attributes": {
            "arn": "arn:aws:ec2:eu-west-1:068425271656:subnet/subnet-04df405995cb85f33",
            "assign_ipv6_address_on_creation": false,
            "availability_zone": "eu-west-1a",
            "availability_zone_id": "euw1-az1",
            "cidr_block": "10.0.1.0/24",
            "id": "subnet-04df405995cb85f33",
            "ipv6_cidr_block": "",
            "ipv6_cidr_block_association_id": "",
            "map_public_ip_on_launch": false,
            "owner_id": "068425271656",
            "tags": {
              "Name": "test-vpc-private-eu-west-1a",
              "kubernetes.io/cluster/test-eks-RUacjNXm": "shared",
              "kubernetes.io/role/internal-elb": "1"
            },
            "timeouts": null,
            "vpc_id": "vpc-0ee31974ac8596103"
          },
          "private": "eyJlMmJmYjczMC1lY2FhLTExZTYtOGY4OC0zNDM2M2JjN2M0YzAiOnsiY3JlYXRlIjo2MDAwMDAwMDAwMDAsImRlbGV0ZSI6MTIwMDAwMDAwMDAwMH0sInNjaGVtYV92ZXJzaW9uIjoiMSJ9"
        },
        {
          "index_key": 1,
          "schema_version": 1,
          "attributes": {
            "arn": "arn:aws:ec2:eu-west-1:068425271656:subnet/subnet-095bd0713ea1d1b4a",
            "assign_ipv6_address_on_creation": false,
            "availability_zone": "eu-west-1b",
            "availability_zone_id": "euw1-az2",
            "cidr_block": "10.0.2.0/24",
            "id": "subnet-095bd0713ea1d1b4a",
            "ipv6_cidr_block": "",
            "ipv6_cidr_block_association_id": "",
            "map_public_ip_on_launch": false,
            "owner_id": "068425271656",
            "tags": {
              "Name": "test-vpc-private-eu-west-1b",
              "kubernetes.io/cluster/test-eks-RUacjNXm": "shared",
              "kubernetes.io/role/internal-elb": "1"
            },
            "timeouts": null,
            "vpc_id": "vpc-0ee31974ac8596103"
          },
          "private": "eyJlMmJmYjczMC1lY2FhLTExZTYtOGY4OC0zNDM2M2JjN2M0YzAiOnsiY3JlYXRlIjo2MDAwMDAwMDAwMDAsImRlbGV0ZSI6MTIwMDAwMDAwMDAwMH0sInNjaGVtYV92ZXJzaW9uIjoiMSJ9"
        },
        {
          "index_key": 2,
          "schema_version": 1,
          "attributes": {
            "arn": "arn:aws:ec2:eu-west-1:068425271656:subnet/subnet-0325b6db447ec90fc",
            "assign_ipv6_address_on_creation": false,
            "availability_zone": "eu-west-1c",
            "availability_zone_id": "euw1-az3",
            "cidr_block": "10.0.3.0/24",
            "id": "subnet-0325b6db447ec90fc",
            "ipv6_cidr_block": "",
            "ipv6_cidr_block_association_id": "",
            "map_public_ip_on_launch": false,
            "owner_id": "068425271656",
            "tags": {
              "Name": "test-vpc-private-eu-west-1c",
              "kubernetes.io/cluster/test-eks-RUacjNXm": "shared",
              "kubernetes.io/role/internal-elb": "1"
            },
            "timeouts": null,
            "vpc_id": "vpc-0ee31974ac8596103"
          },
          "private": "eyJlMmJmYjczMC1lY2FhLTExZTYtOGY4OC0zNDM2M2JjN2M0YzAiOnsiY3JlYXRlIjo2MDAwMDAwMDAwMDAsImRlbGV0ZSI6MTIwMDAwMDAwMDAwMH0sInNjaGVtYV92ZXJzaW9uIjoiMSJ9"
        }
      ]
    },
    {
      "module": "module.vpc",
      "mode": "managed",
      "type": "aws_subnet",
      "name": "public",
      "each": "list",
      "provider": "provider.aws",
      "instances": [
        {
          "index_key": 0,
          "schema_version": 1,
          "attributes": {
            "arn": "arn:aws:ec2:eu-west-1:068425271656:subnet/subnet-0452851b249504289",
            "assign_ipv6_address_on_creation": false,
            "availability_zone": "eu-west-1a",
            "availability_zone_id": "euw1-az1",
            "cidr_block": "10.0.4.0/24",
            "id": "subnet-0452851b249504289",
            "ipv6_cidr_block": "",
            "ipv6_cidr_block_association_id": "",
            "map_public_ip_on_launch": true,
            "owner_id": "068425271656",
            "tags": {
              "Name": "test-vpc-public-eu-west-1a",
              "kubernetes.io/cluster/test-eks-RUacjNXm": "shared",
              "kubernetes.io/role/elb": "1"
            },
            "timeouts": null,
            "vpc_id": "vpc-0ee31974ac8596103"
          },
          "private": "eyJlMmJmYjczMC1lY2FhLTExZTYtOGY4OC0zNDM2M2JjN2M0YzAiOnsiY3JlYXRlIjo2MDAwMDAwMDAwMDAsImRlbGV0ZSI6MTIwMDAwMDAwMDAwMH0sInNjaGVtYV92ZXJzaW9uIjoiMSJ9"
        },
        {
          "index_key": 1,
          "schema_version": 1,
          "attributes": {
            "arn": "arn:aws:ec2:eu-west-1:068425271656:subnet/subnet-048177bb3f8aa8e76",
            "assign_ipv6_address_on_creation": false,
            "availability_zone": "eu-west-1b",
            "availability_zone_id": "euw1-az2",
            "cidr_block": "10.0.5.0/24",
            "id": "subnet-048177bb3f8aa8e76",
            "ipv6_cidr_block": "",
            "ipv6_cidr_block_association_id": "",
            "map_public_ip_on_launch": true,
            "owner_id": "068425271656",
            "tags": {
              "Name": "test-vpc-public-eu-west-1b",
              "kubernetes.io/cluster/test-eks-RUacjNXm": "shared",
              "kubernetes.io/role/elb": "1"
            },
            "timeouts": null,
            "vpc_id": "vpc-0ee31974ac8596103"
          },
          "private": "eyJlMmJmYjczMC1lY2FhLTExZTYtOGY4OC0zNDM2M2JjN2M0YzAiOnsiY3JlYXRlIjo2MDAwMDAwMDAwMDAsImRlbGV0ZSI6MTIwMDAwMDAwMDAwMH0sInNjaGVtYV92ZXJzaW9uIjoiMSJ9"
        },
        {
          "index_key": 2,
          "schema_version": 1,
          "attributes": {
            "arn": "arn:aws:ec2:eu-west-1:068425271656:subnet/subnet-0b347a43c543791ec",
            "assign_ipv6_address_on_creation": false,
            "availability_zone": "eu-west-1c",
            "availability_zone_id": "euw1-az3",
            "cidr_block": "10.0.6.0/24",
            "id": "subnet-0b347a43c543791ec",
            "ipv6_cidr_block": "",
            "ipv6_cidr_block_association_id": "",
            "map_public_ip_on_launch": true,
            "owner_id": "068425271656",
            "tags": {
              "Name": "test-vpc-public-eu-west-1c",
              "kubernetes.io/cluster/test-eks-RUacjNXm": "shared",
              "kubernetes.io/role/elb": "1"
            },
            "timeouts": null,
            "vpc_id": "vpc-0ee31974ac8596103"
          },
          "private": "eyJlMmJmYjczMC1lY2FhLTExZTYtOGY4OC0zNDM2M2JjN2M0YzAiOnsiY3JlYXRlIjo2MDAwMDAwMDAwMDAsImRlbGV0ZSI6MTIwMDAwMDAwMDAwMH0sInNjaGVtYV92ZXJzaW9uIjoiMSJ9"
        }
      ]
    },
    {
      "module": "module.vpc",
      "mode": "managed",
      "type": "aws_subnet",
      "name": "redshift",
      "each": "list",
      "provider": "provider.aws",
      "instances": []
    },
    {
      "module": "module.vpc",
      "mode": "managed",
      "type": "aws_vpc",
      "name": "this",
      "each": "list",
      "provider": "provider.aws",
      "instances": [
        {
          "index_key": 0,
          "schema_version": 1,
          "attributes": {
            "arn": "arn:aws:ec2:eu-west-1:068425271656:vpc/vpc-0ee31974ac8596103",
            "assign_generated_ipv6_cidr_block": false,
            "cidr_block": "10.0.0.0/16",
            "default_network_acl_id": "acl-0f91048435308ad77",
            "default_route_table_id": "rtb-0abcd402bd9f003c8",
            "default_security_group_id": "sg-0c232ac81f707fc36",
            "dhcp_options_id": "dopt-68b3d70e",
            "enable_classiclink": false,
            "enable_classiclink_dns_support": false,
            "enable_dns_hostnames": true,
            "enable_dns_support": true,
            "id": "vpc-0ee31974ac8596103",
            "instance_tenancy": "default",
            "ipv6_association_id": "",
            "ipv6_cidr_block": "",
            "main_route_table_id": "rtb-0abcd402bd9f003c8",
            "owner_id": "068425271656",
            "tags": {
              "Name": "test-vpc",
              "kubernetes.io/cluster/test-eks-RUacjNXm": "shared"
            }
          },
          "private": "eyJzY2hlbWFfdmVyc2lvbiI6IjEifQ=="
        }
      ]
    },
    {
      "module": "module.vpc",
      "mode": "managed",
      "type": "aws_vpc_dhcp_options",
      "name": "this",
      "each": "list",
      "provider": "provider.aws",
      "instances": []
    },
    {
      "module": "module.vpc",
      "mode": "managed",
      "type": "aws_vpc_dhcp_options_association",
      "name": "this",
      "each": "list",
      "provider": "provider.aws",
      "instances": []
    },
    {
      "module": "module.vpc",
      "mode": "managed",
      "type": "aws_vpc_endpoint",
      "name": "apigw",
      "each": "list",
      "provider": "provider.aws",
      "instances": []
    },
    {
      "module": "module.vpc",
      "mode": "managed",
      "type": "aws_vpc_endpoint",
      "name": "cloudtrail",
      "each": "list",
      "provider": "provider.aws",
      "instances": []
    },
    {
      "module": "module.vpc",
      "mode": "managed",
      "type": "aws_vpc_endpoint",
      "name": "dynamodb",
      "each": "list",
      "provider": "provider.aws",
      "instances": []
    },
    {
      "module": "module.vpc",
      "mode": "managed",
      "type": "aws_vpc_endpoint",
      "name": "ec2",
      "each": "list",
      "provider": "provider.aws",
      "instances": []
    },
    {
      "module": "module.vpc",
      "mode": "managed",
      "type": "aws_vpc_endpoint",
      "name": "ec2messages",
      "each": "list",
      "provider": "provider.aws",
      "instances": []
    },
    {
      "module": "module.vpc",
      "mode": "managed",
      "type": "aws_vpc_endpoint",
      "name": "ecr_api",
      "each": "list",
      "provider": "provider.aws",
      "instances": []
    },
    {
      "module": "module.vpc",
      "mode": "managed",
      "type": "aws_vpc_endpoint",
      "name": "ecr_dkr",
      "each": "list",
      "provider": "provider.aws",
      "instances": []
    },
    {
      "module": "module.vpc",
      "mode": "managed",
      "type": "aws_vpc_endpoint",
      "name": "ecs",
      "each": "list",
      "provider": "provider.aws",
      "instances": []
    },
    {
      "module": "module.vpc",
      "mode": "managed",
      "type": "aws_vpc_endpoint",
      "name": "ecs_agent",
      "each": "list",
      "provider": "provider.aws",
      "instances": []
    },
    {
      "module": "module.vpc",
      "mode": "managed",
      "type": "aws_vpc_endpoint",
      "name": "ecs_telemetry",
      "each": "list",
      "provider": "provider.aws",
      "instances": []
    },
    {
      "module": "module.vpc",
      "mode": "managed",
      "type": "aws_vpc_endpoint",
      "name": "elasticloadbalancing",
      "each": "list",
      "provider": "provider.aws",
      "instances": []
    },
    {
      "module": "module.vpc",
      "mode": "managed",
      "type": "aws_vpc_endpoint",
      "name": "events",
      "each": "list",
      "provider": "provider.aws",
      "instances": []
    },
    {
      "module": "module.vpc",
      "mode": "managed",
      "type": "aws_vpc_endpoint",
      "name": "kms",
      "each": "list",
      "provider": "provider.aws",
      "instances": []
    },
    {
      "module": "module.vpc",
      "mode": "managed",
      "type": "aws_vpc_endpoint",
      "name": "logs",
      "each": "list",
      "provider": "provider.aws",
      "instances": []
    },
    {
      "module": "module.vpc",
      "mode": "managed",
      "type": "aws_vpc_endpoint",
      "name": "monitoring",
      "each": "list",
      "provider": "provider.aws",
      "instances": []
    },
    {
      "module": "module.vpc",
      "mode": "managed",
      "type": "aws_vpc_endpoint",
      "name": "s3",
      "each": "list",
      "provider": "provider.aws",
      "instances": []
    },
    {
      "module": "module.vpc",
      "mode": "managed",
      "type": "aws_vpc_endpoint",
      "name": "sns",
      "each": "list",
      "provider": "provider.aws",
      "instances": []
    },
    {
      "module": "module.vpc",
      "mode": "managed",
      "type": "aws_vpc_endpoint",
      "name": "sqs",
      "each": "list",
      "provider": "provider.aws",
      "instances": []
    },
    {
      "module": "module.vpc",
      "mode": "managed",
      "type": "aws_vpc_endpoint",
      "name": "ssm",
      "each": "list",
      "provider": "provider.aws",
      "instances": []
    },
    {
      "module": "module.vpc",
      "mode": "managed",
      "type": "aws_vpc_endpoint",
      "name": "ssmmessages",
      "each": "list",
      "provider": "provider.aws",
      "instances": []
    },
    {
      "module": "module.vpc",
      "mode": "managed",
      "type": "aws_vpc_endpoint_route_table_association",
      "name": "intra_dynamodb",
      "each": "list",
      "provider": "provider.aws",
      "instances": []
    },
    {
      "module": "module.vpc",
      "mode": "managed",
      "type": "aws_vpc_endpoint_route_table_association",
      "name": "intra_s3",
      "each": "list",
      "provider": "provider.aws",
      "instances": []
    },
    {
      "module": "module.vpc",
      "mode": "managed",
      "type": "aws_vpc_endpoint_route_table_association",
      "name": "private_dynamodb",
      "each": "list",
      "provider": "provider.aws",
      "instances": []
    },
    {
      "module": "module.vpc",
      "mode": "managed",
      "type": "aws_vpc_endpoint_route_table_association",
      "name": "private_s3",
      "each": "list",
      "provider": "provider.aws",
      "instances": []
    },
    {
      "module": "module.vpc",
      "mode": "managed",
      "type": "aws_vpc_endpoint_route_table_association",
      "name": "public_dynamodb",
      "each": "list",
      "provider": "provider.aws",
      "instances": []
    },
    {
      "module": "module.vpc",
      "mode": "managed",
      "type": "aws_vpc_endpoint_route_table_association",
      "name": "public_s3",
      "each": "list",
      "provider": "provider.aws",
      "instances": []
    },
    {
      "module": "module.vpc",
      "mode": "managed",
      "type": "aws_vpc_ipv4_cidr_block_association",
      "name": "this",
      "each": "list",
      "provider": "provider.aws",
      "instances": []
    },
    {
      "module": "module.vpc",
      "mode": "managed",
      "type": "aws_vpn_gateway",
      "name": "this",
      "each": "list",
      "provider": "provider.aws",
      "instances": []
    },
    {
      "module": "module.vpc",
      "mode": "managed",
      "type": "aws_vpn_gateway_attachment",
      "name": "this",
      "each": "list",
      "provider": "provider.aws",
      "instances": []
    },
    {
      "module": "module.vpc",
      "mode": "managed",
      "type": "aws_vpn_gateway_route_propagation",
      "name": "private",
      "each": "list",
      "provider": "provider.aws",
      "instances": []
    },
    {
      "module": "module.vpc",
      "mode": "managed",
      "type": "aws_vpn_gateway_route_propagation",
      "name": "public",
      "each": "list",
      "provider": "provider.aws",
      "instances": []
    },
    {
      "module": "module.eks",
      "mode": "managed",
      "type": "local_file",
      "name": "config_map_aws_auth",
      "each": "list",
      "provider": "provider.local",
      "instances": [
        {
          "index_key": 0,
          "schema_version": 0,
          "attributes": {
            "content": "apiVersion: v1\nkind: ConfigMap\nmetadata:\n  name: aws-auth\n  namespace: kube-system\ndata:\n  mapRoles: |\n    - rolearn: arn:aws:iam::068425271656:role/test-eks-RUacjNXm20190807190415654300000008\n      username: system:node:{{EC2PrivateDNSName}}\n      groups:\n        - system:bootstrappers\n        - system:nodes\n\n\n  mapUsers: |\n\n  mapAccounts: |\n\n",
            "content_base64": null,
            "filename": "./config-map-aws-auth_test-eks-RUacjNXm.yaml",
            "id": "029ca1b303ab8803b9903101459eb5e7a601c855",
            "sensitive_content": null
          },
          "private": "bnVsbA==",
          "depends_on": [
            "data.template_file.config_map_aws_auth"
          ]
        }
      ]
    },
    {
      "module": "module.eks",
      "mode": "managed",
      "type": "local_file",
      "name": "kubeconfig",
      "each": "list",
      "provider": "provider.local",
      "instances": [
        {
          "index_key": 0,
          "schema_version": 0,
          "attributes": {
            "content": "apiVersion: v1\npreferences: {}\nkind: Config\n\nclusters:\n- cluster:\n    server: https://E9DDF0D03D4AA168897FC959A6EF2391.sk1.eu-west-1.eks.amazonaws.com\n    certificate-authority-data: LS0tLS1CRUdJTiBDRVJUSUZJQ0FURS0tLS0tCk1JSUN5RENDQWJDZ0F3SUJBZ0lCQURBTkJna3Foa2lHOXcwQkFRc0ZBREFWTVJNd0VRWURWUVFERXdwcmRXSmwKY201bGRHVnpNQjRYRFRFNU1EZ3dOekU1TURJd05sb1hEVEk1TURnd05ERTVNREl3Tmxvd0ZURVRNQkVHQTFVRQpBeE1LYTNWaVpYSnVaWFJsY3pDQ0FTSXdEUVlKS29aSWh2Y05BUUVCQlFBRGdnRVBBRENDQVFvQ2dnRUJBS2pICm5CM2JKNzN6dDJkTEhCYTQwV0RjRkVtVHNWRml0ZGUxTTUzNXEvS3grcFZpSXRqQUROMXhMN25Bb254QXRyNE4KWW9jOTJOTWdlSXFvSTI4UFQwdXBIQktsVmF3Y0dDWlpqL1EvS0U0TFVOeThrUU5aelJkY3ZMWlhJTXE3dEFraApUaEx6Z2dFZ0E0cE5tUEFGR1oxeHMxa0pnRGRXWmNCdjFIT0N5dUtYYnJBaEhLZmVjOUdQK3ovTFRGQ2FlbklhCnY5bTd1NHh4YWt6K1pvZkRyWGhvUFl5VDZlcU1QRDFSMGkwTHpzeHQwVnNUUno5RUJrM2ZRc2dPdjRVZGZVNXYKcE5wSHI2Y1NaaEhkcWs0TTNDelNqeUdxaE9sSU1hZzlXR010b1RxaG1DYTVweWtISldIYk5TNHlZTEFxckR0dQp2RlZtV3JrYzlweVEzWVlOMWEwQ0F3RUFBYU1qTUNFd0RnWURWUjBQQVFIL0JBUURBZ0trTUE4R0ExVWRFd0VCCi93UUZNQU1CQWY4d0RRWUpLb1pJaHZjTkFRRUxCUUFEZ2dFQkFEeFFiblJtTzNsQ3RnRElwRjg4QnNaWkFPWE0KdTJ1QVVXdUhpQUkwbkJYZTlzV3VWTmh2NTJKUUxENGJabkROeUM3bW5sL01jQWFzUUozR1gyNnhEOWlnSlZHSgpUM0pqY25YOTllak9pZFFlbGs0ZTB1Q3dOY0IxMGVLRmRnVXdBMm9iSzZWdjB2eUJ0dVFoRDVuMStYVVJjNXdZCjBIU0R4K1EvNzRLZFJjNHdtQXNyT2VsM2xJSHdWSE1qMFRGeHJlKzFtS3VoZFlUSnJQcnNQVVRLWi83QmhRMjUKR21YWUR4b2QrYjVLU2V4TGJPQ093M28vYjhUY3lnbGd3VVptdDk4QTNCRjN1RGU1Ri8rYnJUeS8ybmthZXplegp0VzAvb1lNZVdNclQ3MHUxN09vM2JsMFNSbnlPNWJKUFQrM09FYlZwMnBlbTgyN1Bqa1J0TXVPWXRCUT0KLS0tLS1FTkQgQ0VSVElGSUNBVEUtLS0tLQo=\n  name: eks_test-eks-RUacjNXm\n\ncontexts:\n- context:\n    cluster: eks_test-eks-RUacjNXm\n    user: eks_test-eks-RUacjNXm\n  name: eks_test-eks-RUacjNXm\n\ncurrent-context: eks_test-eks-RUacjNXm\n\nusers:\n- name: eks_test-eks-RUacjNXm\n  user:\n    exec:\n      apiVersion: client.authentication.k8s.io/v1alpha1\n      command: aws-iam-authenticator\n      args:\n        - \"token\"\n        - \"-i\"\n        - \"test-eks-RUacjNXm\"\n\n\n",
            "content_base64": null,
            "filename": "./kubeconfig_test-eks-RUacjNXm",
            "id": "aa109b0694824b032f5de7673887bf9471c06860",
            "sensitive_content": null
          },
          "private": "bnVsbA==",
          "depends_on": [
            "data.template_file.kubeconfig"
          ]
        }
      ]
    },
    {
      "module": "module.eks",
      "mode": "managed",
      "type": "null_resource",
      "name": "tags_as_list_of_maps",
      "each": "list",
      "provider": "provider.null",
      "instances": [
        {
          "index_key": 0,
          "schema_version": 0,
          "attributes": {
            "id": "2496748164918191817",
            "triggers": {
              "key": "Environment",
              "propagate_at_launch": "true",
              "value": "test"
            }
          },
          "private": "bnVsbA=="
        },
        {
          "index_key": 1,
          "schema_version": 0,
          "attributes": {
            "id": "1296201355227122664",
            "triggers": {
              "key": "GithubOrg",
              "propagate_at_launch": "true",
              "value": "terraform-aws-modules"
            }
          },
          "private": "bnVsbA=="
        },
        {
          "index_key": 2,
          "schema_version": 0,
          "attributes": {
            "id": "204597051876094950",
            "triggers": {
              "key": "GithubRepo",
              "propagate_at_launch": "true",
              "value": "terraform-aws-eks"
            }
          },
          "private": "bnVsbA=="
        }
      ]
    },
    {
      "module": "module.eks",
      "mode": "managed",
      "type": "null_resource",
      "name": "update_config_map_aws_auth",
      "each": "list",
      "provider": "provider.null",
      "instances": [
        {
          "index_key": 0,
          "schema_version": 0,
          "attributes": {
            "id": "3268841772191198299",
            "triggers": {
              "config_map_rendered": "apiVersion: v1\nkind: ConfigMap\nmetadata:\n  name: aws-auth\n  namespace: kube-system\ndata:\n  mapRoles: |\n    - rolearn: arn:aws:iam::068425271656:role/test-eks-RUacjNXm20190807190415654300000008\n      username: system:node:{{EC2PrivateDNSName}}\n      groups:\n        - system:bootstrappers\n        - system:nodes\n\n\n  mapUsers: |\n\n  mapAccounts: |\n\n",
              "endpoint": "https://E9DDF0D03D4AA168897FC959A6EF2391.sk1.eu-west-1.eks.amazonaws.com",
              "kube_config_map_rendered": "apiVersion: v1\npreferences: {}\nkind: Config\n\nclusters:\n- cluster:\n    server: https://E9DDF0D03D4AA168897FC959A6EF2391.sk1.eu-west-1.eks.amazonaws.com\n    certificate-authority-data: LS0tLS1CRUdJTiBDRVJUSUZJQ0FURS0tLS0tCk1JSUN5RENDQWJDZ0F3SUJBZ0lCQURBTkJna3Foa2lHOXcwQkFRc0ZBREFWTVJNd0VRWURWUVFERXdwcmRXSmwKY201bGRHVnpNQjRYRFRFNU1EZ3dOekU1TURJd05sb1hEVEk1TURnd05ERTVNREl3Tmxvd0ZURVRNQkVHQTFVRQpBeE1LYTNWaVpYSnVaWFJsY3pDQ0FTSXdEUVlKS29aSWh2Y05BUUVCQlFBRGdnRVBBRENDQVFvQ2dnRUJBS2pICm5CM2JKNzN6dDJkTEhCYTQwV0RjRkVtVHNWRml0ZGUxTTUzNXEvS3grcFZpSXRqQUROMXhMN25Bb254QXRyNE4KWW9jOTJOTWdlSXFvSTI4UFQwdXBIQktsVmF3Y0dDWlpqL1EvS0U0TFVOeThrUU5aelJkY3ZMWlhJTXE3dEFraApUaEx6Z2dFZ0E0cE5tUEFGR1oxeHMxa0pnRGRXWmNCdjFIT0N5dUtYYnJBaEhLZmVjOUdQK3ovTFRGQ2FlbklhCnY5bTd1NHh4YWt6K1pvZkRyWGhvUFl5VDZlcU1QRDFSMGkwTHpzeHQwVnNUUno5RUJrM2ZRc2dPdjRVZGZVNXYKcE5wSHI2Y1NaaEhkcWs0TTNDelNqeUdxaE9sSU1hZzlXR010b1RxaG1DYTVweWtISldIYk5TNHlZTEFxckR0dQp2RlZtV3JrYzlweVEzWVlOMWEwQ0F3RUFBYU1qTUNFd0RnWURWUjBQQVFIL0JBUURBZ0trTUE4R0ExVWRFd0VCCi93UUZNQU1CQWY4d0RRWUpLb1pJaHZjTkFRRUxCUUFEZ2dFQkFEeFFiblJtTzNsQ3RnRElwRjg4QnNaWkFPWE0KdTJ1QVVXdUhpQUkwbkJYZTlzV3VWTmh2NTJKUUxENGJabkROeUM3bW5sL01jQWFzUUozR1gyNnhEOWlnSlZHSgpUM0pqY25YOTllak9pZFFlbGs0ZTB1Q3dOY0IxMGVLRmRnVXdBMm9iSzZWdjB2eUJ0dVFoRDVuMStYVVJjNXdZCjBIU0R4K1EvNzRLZFJjNHdtQXNyT2VsM2xJSHdWSE1qMFRGeHJlKzFtS3VoZFlUSnJQcnNQVVRLWi83QmhRMjUKR21YWUR4b2QrYjVLU2V4TGJPQ093M28vYjhUY3lnbGd3VVptdDk4QTNCRjN1RGU1Ri8rYnJUeS8ybmthZXplegp0VzAvb1lNZVdNclQ3MHUxN09vM2JsMFNSbnlPNWJKUFQrM09FYlZwMnBlbTgyN1Bqa1J0TXVPWXRCUT0KLS0tLS1FTkQgQ0VSVElGSUNBVEUtLS0tLQo=\n  name: eks_test-eks-RUacjNXm\n\ncontexts:\n- context:\n    cluster: eks_test-eks-RUacjNXm\n    user: eks_test-eks-RUacjNXm\n  name: eks_test-eks-RUacjNXm\n\ncurrent-context: eks_test-eks-RUacjNXm\n\nusers:\n- name: eks_test-eks-RUacjNXm\n  user:\n    exec:\n      apiVersion: client.authentication.k8s.io/v1alpha1\n      command: aws-iam-authenticator\n      args:\n        - \"token\"\n        - \"-i\"\n        - \"test-eks-RUacjNXm\"\n\n\n"
            }
          },
          "private": "bnVsbA==",
          "depends_on": [
            "aws_eks_cluster.this",
            "data.template_file.config_map_aws_auth",
            "data.template_file.kubeconfig"
          ]
        }
      ]
    },
    {
      "mode": "managed",
      "type": "random_string",
      "name": "suffix",
      "provider": "provider.random",
      "instances": [
        {
          "schema_version": 1,
          "attributes": {
            "id": "none",
            "keepers": null,
            "length": 8,
            "lower": true,
            "min_lower": 0,
            "min_numeric": 0,
            "min_special": 0,
            "min_upper": 0,
            "number": true,
            "override_special": null,
            "result": "RUacjNXm",
            "special": false,
            "upper": true
          },
          "private": "eyJzY2hlbWFfdmVyc2lvbiI6IjEifQ=="
        }
      ]
    }
  ]
}
